
Microsoft Visual Studio Solution File, Format Version 12.00
# Visual Studio Version 16
VisualStudioVersion = 16.0.30503.244
MinimumVisualStudioVersion = 10.0.40219.1
Project("{2150E333-8FDC-42A3-9474-1A3956D46DE8}") = "01-Uvod", "01-Uvod", "{F955E573-D8E9-4AD6-BA4E-233205DD6AA1}"
EndProject
Project("{2150E333-8FDC-42A3-9474-1A3956D46DE8}") = "02-Podminky", "02-Podminky", "{7A15B0A2-39F6-4F4B-88B8-70E67B5354E2}"
EndProject
Project("{9A19103F-16F7-4668-BE54-9A1E7A4F7556}") = "02-Podm-060-Den_v_tydnu", "02-Podm-060-Den_v_tydnu\02-Podm-060-Den_v_tydnu.csproj", "{6AB360E6-C786-4598-9CFC-2FCDA7EE6877}"
EndProject
Project("{9A19103F-16F7-4668-BE54-9A1E7A4F7556}") = "02-Podm-090-Je_vikend", "02-Podm-090-Je_vikend\02-Podm-090-Je_vikend.csproj", "{FA11C4A2-21FF-44FB-B136-576F1E5DDD39}"
EndProject
Project("{9A19103F-16F7-4668-BE54-9A1E7A4F7556}") = "02-Podm-130-Kolik_dnu", "02-Podm-130-Kolik_dnu\02-Podm-130-Kolik_dnu.csproj", "{5197CE3F-5DC8-4C92-B097-510238A7F49D}"
EndProject
Project("{9A19103F-16F7-4668-BE54-9A1E7A4F7556}") = "01-Uvod-010-Pozdrav", "01-Uvod-010-Pozdrav\01-Uvod-010-Pozdrav.csproj", "{FD4A95B7-3B06-4148-B1B1-C42D47419E1A}"
EndProject
Project("{9A19103F-16F7-4668-BE54-9A1E7A4F7556}") = "01-Uvod-020-Nej_skola", "01-Uvod-020-Nej_skola\01-Uvod-020-Nej_skola.csproj", "{2669F9A7-1158-4A58-8506-634CCA0349FB}"
EndProject
Project("{9A19103F-16F7-4668-BE54-9A1E7A4F7556}") = "01-Uvod-030-Domaci_vs_hoste", "01-Uvod-030-Domaci_vs_hoste\01-Uvod-030-Domaci_vs_hoste.csproj", "{69F1F761-5494-41B1-9818-0F8C2AF4F52D}"
EndProject
Project("{9A19103F-16F7-4668-BE54-9A1E7A4F7556}") = "01-Uvod-040-Datove_typy", "01-Uvod-040-Datove_typy\01-Uvod-040-Datove_typy.csproj", "{9C3BD72B-E017-4AC7-B3E4-0ED6361892AB}"
EndProject
Project("{9A19103F-16F7-4668-BE54-9A1E7A4F7556}") = "01-Uvod-050-Obsah_ctverce", "01-Uvod-050-Obsah_ctverce\01-Uvod-050-Obsah_ctverce.csproj", "{EDE0C32F-67B9-4BB5-90E9-29AE815344A2}"
EndProject
Project("{9A19103F-16F7-4668-BE54-9A1E7A4F7556}") = "01-Uvod-060-Objem_a_povrch_kvadru", "01-Uvod-060-Objem_a_povrch_kvadru\01-Uvod-060-Objem_a_povrch_kvadru.csproj", "{4BF77A5B-55BD-463A-83F4-FE793D2067E0}"
EndProject
Project("{9A19103F-16F7-4668-BE54-9A1E7A4F7556}") = "01-Uvod-070-Obvod_a_obsah_kruhu", "01-Uvod-070-Obvod_a_obsah_kruhu\01-Uvod-070-Obvod_a_obsah_kruhu.csproj", "{1822D388-E05E-4BCF-BFB3-8E15AA37F877}"
EndProject
Project("{9A19103F-16F7-4668-BE54-9A1E7A4F7556}") = "01-Uvod-080-Pythagorova_veta", "01-Uvod-080-Pythagorova_veta\01-Uvod-080-Pythagorova_veta.csproj", "{24E22825-A84A-4B30-8463-244E7C0880D5}"
EndProject
Project("{9A19103F-16F7-4668-BE54-9A1E7A4F7556}") = "01-Uvod-090-Vymena_karet", "01-Uvod-090-Vymena_karet\01-Uvod-090-Vymena_karet.csproj", "{D4B84312-8BEC-43B6-968E-9600CD890843}"
EndProject
Project("{9A19103F-16F7-4668-BE54-9A1E7A4F7556}") = "01-Uvod-100-Nakupni_kosik", "01-Uvod-100-Nakupni_kosik\01-Uvod-100-Nakupni_kosik.csproj", "{E5DA3AF6-F4F5-498B-A7EE-653B64CF2CCA}"
EndProject
Project("{9A19103F-16F7-4668-BE54-9A1E7A4F7556}") = "01-Uvod-110-Rozbite_deleni", "01-Uvod-110-Rozbite_deleni\01-Uvod-110-Rozbite_deleni.csproj", "{1D471B7F-402D-4262-AC3D-BECEEDBC69A7}"
EndProject
Project("{9A19103F-16F7-4668-BE54-9A1E7A4F7556}") = "01-Uvod-120-Heronuv_vzorec", "01-Uvod-120-Heronuv_vzorec\01-Uvod-120-Heronuv_vzorec.csproj", "{0122E9A7-1666-40E8-9A61-3D4768F55DF6}"
EndProject
Global
	GlobalSection(SolutionConfigurationPlatforms) = preSolution
		Debug|Any CPU = Debug|Any CPU
		Release|Any CPU = Release|Any CPU
	EndGlobalSection
	GlobalSection(ProjectConfigurationPlatforms) = postSolution
		{6AB360E6-C786-4598-9CFC-2FCDA7EE6877}.Debug|Any CPU.ActiveCfg = Debug|Any CPU
		{6AB360E6-C786-4598-9CFC-2FCDA7EE6877}.Debug|Any CPU.Build.0 = Debug|Any CPU
		{6AB360E6-C786-4598-9CFC-2FCDA7EE6877}.Release|Any CPU.ActiveCfg = Release|Any CPU
		{6AB360E6-C786-4598-9CFC-2FCDA7EE6877}.Release|Any CPU.Build.0 = Release|Any CPU
		{FA11C4A2-21FF-44FB-B136-576F1E5DDD39}.Debug|Any CPU.ActiveCfg = Debug|Any CPU
		{FA11C4A2-21FF-44FB-B136-576F1E5DDD39}.Debug|Any CPU.Build.0 = Debug|Any CPU
		{FA11C4A2-21FF-44FB-B136-576F1E5DDD39}.Release|Any CPU.ActiveCfg = Release|Any CPU
		{FA11C4A2-21FF-44FB-B136-576F1E5DDD39}.Release|Any CPU.Build.0 = Release|Any CPU
		{5197CE3F-5DC8-4C92-B097-510238A7F49D}.Debug|Any CPU.ActiveCfg = Debug|Any CPU
		{5197CE3F-5DC8-4C92-B097-510238A7F49D}.Debug|Any CPU.Build.0 = Debug|Any CPU
		{5197CE3F-5DC8-4C92-B097-510238A7F49D}.Release|Any CPU.ActiveCfg = Release|Any CPU
		{5197CE3F-5DC8-4C92-B097-510238A7F49D}.Release|Any CPU.Build.0 = Release|Any CPU
		{FD4A95B7-3B06-4148-B1B1-C42D47419E1A}.Debug|Any CPU.ActiveCfg = Debug|Any CPU
		{FD4A95B7-3B06-4148-B1B1-C42D47419E1A}.Debug|Any CPU.Build.0 = Debug|Any CPU
		{FD4A95B7-3B06-4148-B1B1-C42D47419E1A}.Release|Any CPU.ActiveCfg = Release|Any CPU
		{FD4A95B7-3B06-4148-B1B1-C42D47419E1A}.Release|Any CPU.Build.0 = Release|Any CPU
		{2669F9A7-1158-4A58-8506-634CCA0349FB}.Debug|Any CPU.ActiveCfg = Debug|Any CPU
		{2669F9A7-1158-4A58-8506-634CCA0349FB}.Debug|Any CPU.Build.0 = Debug|Any CPU
		{2669F9A7-1158-4A58-8506-634CCA0349FB}.Release|Any CPU.ActiveCfg = Release|Any CPU
		{2669F9A7-1158-4A58-8506-634CCA0349FB}.Release|Any CPU.Build.0 = Release|Any CPU
		{69F1F761-5494-41B1-9818-0F8C2AF4F52D}.Debug|Any CPU.ActiveCfg = Debug|Any CPU
		{69F1F761-5494-41B1-9818-0F8C2AF4F52D}.Debug|Any CPU.Build.0 = Debug|Any CPU
		{69F1F761-5494-41B1-9818-0F8C2AF4F52D}.Release|Any CPU.ActiveCfg = Release|Any CPU
		{69F1F761-5494-41B1-9818-0F8C2AF4F52D}.Release|Any CPU.Build.0 = Release|Any CPU
		{9C3BD72B-E017-4AC7-B3E4-0ED6361892AB}.Debug|Any CPU.ActiveCfg = Debug|Any CPU
		{9C3BD72B-E017-4AC7-B3E4-0ED6361892AB}.Debug|Any CPU.Build.0 = Debug|Any CPU
		{9C3BD72B-E017-4AC7-B3E4-0ED6361892AB}.Release|Any CPU.ActiveCfg = Release|Any CPU
		{9C3BD72B-E017-4AC7-B3E4-0ED6361892AB}.Release|Any CPU.Build.0 = Release|Any CPU
		{EDE0C32F-67B9-4BB5-90E9-29AE815344A2}.Debug|Any CPU.ActiveCfg = Debug|Any CPU
		{EDE0C32F-67B9-4BB5-90E9-29AE815344A2}.Debug|Any CPU.Build.0 = Debug|Any CPU
		{EDE0C32F-67B9-4BB5-90E9-29AE815344A2}.Release|Any CPU.ActiveCfg = Release|Any CPU
		{EDE0C32F-67B9-4BB5-90E9-29AE815344A2}.Release|Any CPU.Build.0 = Release|Any CPU
		{4BF77A5B-55BD-463A-83F4-FE793D2067E0}.Debug|Any CPU.ActiveCfg = Debug|Any CPU
		{4BF77A5B-55BD-463A-83F4-FE793D2067E0}.Debug|Any CPU.Build.0 = Debug|Any CPU
		{4BF77A5B-55BD-463A-83F4-FE793D2067E0}.Release|Any CPU.ActiveCfg = Release|Any CPU
		{4BF77A5B-55BD-463A-83F4-FE793D2067E0}.Release|Any CPU.Build.0 = Release|Any CPU
		{1822D388-E05E-4BCF-BFB3-8E15AA37F877}.Debug|Any CPU.ActiveCfg = Debug|Any CPU
		{1822D388-E05E-4BCF-BFB3-8E15AA37F877}.Debug|Any CPU.Build.0 = Debug|Any CPU
		{1822D388-E05E-4BCF-BFB3-8E15AA37F877}.Release|Any CPU.ActiveCfg = Release|Any CPU
		{1822D388-E05E-4BCF-BFB3-8E15AA37F877}.Release|Any CPU.Build.0 = Release|Any CPU
		{24E22825-A84A-4B30-8463-244E7C0880D5}.Debug|Any CPU.ActiveCfg = Debug|Any CPU
		{24E22825-A84A-4B30-8463-244E7C0880D5}.Debug|Any CPU.Build.0 = Debug|Any CPU
		{24E22825-A84A-4B30-8463-244E7C0880D5}.Release|Any CPU.ActiveCfg = Release|Any CPU
		{24E22825-A84A-4B30-8463-244E7C0880D5}.Release|Any CPU.Build.0 = Release|Any CPU
		{D4B84312-8BEC-43B6-968E-9600CD890843}.Debug|Any CPU.ActiveCfg = Debug|Any CPU
		{D4B84312-8BEC-43B6-968E-9600CD890843}.Debug|Any CPU.Build.0 = Debug|Any CPU
		{D4B84312-8BEC-43B6-968E-9600CD890843}.Release|Any CPU.ActiveCfg = Release|Any CPU
		{D4B84312-8BEC-43B6-968E-9600CD890843}.Release|Any CPU.Build.0 = Release|Any CPU
		{E5DA3AF6-F4F5-498B-A7EE-653B64CF2CCA}.Debug|Any CPU.ActiveCfg = Debug|Any CPU
		{E5DA3AF6-F4F5-498B-A7EE-653B64CF2CCA}.Debug|Any CPU.Build.0 = Debug|Any CPU
		{E5DA3AF6-F4F5-498B-A7EE-653B64CF2CCA}.Release|Any CPU.ActiveCfg = Release|Any CPU
		{E5DA3AF6-F4F5-498B-A7EE-653B64CF2CCA}.Release|Any CPU.Build.0 = Release|Any CPU
		{1D471B7F-402D-4262-AC3D-BECEEDBC69A7}.Debug|Any CPU.ActiveCfg = Debug|Any CPU
		{1D471B7F-402D-4262-AC3D-BECEEDBC69A7}.Debug|Any CPU.Build.0 = Debug|Any CPU
		{1D471B7F-402D-4262-AC3D-BECEEDBC69A7}.Release|Any CPU.ActiveCfg = Release|Any CPU
		{1D471B7F-402D-4262-AC3D-BECEEDBC69A7}.Release|Any CPU.Build.0 = Release|Any CPU
		{0122E9A7-1666-40E8-9A61-3D4768F55DF6}.Debug|Any CPU.ActiveCfg = Debug|Any CPU
		{0122E9A7-1666-40E8-9A61-3D4768F55DF6}.Debug|Any CPU.Build.0 = Debug|Any CPU
		{0122E9A7-1666-40E8-9A61-3D4768F55DF6}.Release|Any CPU.ActiveCfg = Release|Any CPU
		{0122E9A7-1666-40E8-9A61-3D4768F55DF6}.Release|Any CPU.Build.0 = Release|Any CPU
	EndGlobalSection
	GlobalSection(SolutionProperties) = preSolution
		HideSolutionNode = FALSE
	EndGlobalSection
	GlobalSection(NestedProjects) = preSolution
		{6AB360E6-C786-4598-9CFC-2FCDA7EE6877} = {7A15B0A2-39F6-4F4B-88B8-70E67B5354E2}
		{FA11C4A2-21FF-44FB-B136-576F1E5DDD39} = {7A15B0A2-39F6-4F4B-88B8-70E67B5354E2}
		{5197CE3F-5DC8-4C92-B097-510238A7F49D} = {7A15B0A2-39F6-4F4B-88B8-70E67B5354E2}
		{FD4A95B7-3B06-4148-B1B1-C42D47419E1A} = {F955E573-D8E9-4AD6-BA4E-233205DD6AA1}
		{2669F9A7-1158-4A58-8506-634CCA0349FB} = {F955E573-D8E9-4AD6-BA4E-233205DD6AA1}
		{69F1F761-5494-41B1-9818-0F8C2AF4F52D} = {F955E573-D8E9-4AD6-BA4E-233205DD6AA1}
		{9C3BD72B-E017-4AC7-B3E4-0ED6361892AB} = {F955E573-D8E9-4AD6-BA4E-233205DD6AA1}
		{EDE0C32F-67B9-4BB5-90E9-29AE815344A2} = {F955E573-D8E9-4AD6-BA4E-233205DD6AA1}
		{4BF77A5B-55BD-463A-83F4-FE793D2067E0} = {F955E573-D8E9-4AD6-BA4E-233205DD6AA1}
		{1822D388-E05E-4BCF-BFB3-8E15AA37F877} = {F955E573-D8E9-4AD6-BA4E-233205DD6AA1}
		{24E22825-A84A-4B30-8463-244E7C0880D5} = {F955E573-D8E9-4AD6-BA4E-233205DD6AA1}
		{D4B84312-8BEC-43B6-968E-9600CD890843} = {F955E573-D8E9-4AD6-BA4E-233205DD6AA1}
		{E5DA3AF6-F4F5-498B-A7EE-653B64CF2CCA} = {F955E573-D8E9-4AD6-BA4E-233205DD6AA1}
		{1D471B7F-402D-4262-AC3D-BECEEDBC69A7} = {F955E573-D8E9-4AD6-BA4E-233205DD6AA1}
		{0122E9A7-1666-40E8-9A61-3D4768F55DF6} = {F955E573-D8E9-4AD6-BA4E-233205DD6AA1}
	EndGlobalSection
	GlobalSection(ExtensibilityGlobals) = postSolution
		SolutionGuid = {F33069B6-093C-443C-8255-85C5801FF252}
	EndGlobalSection
EndGlobal
