
Microsoft Visual Studio Solution File, Format Version 12.00
# Visual Studio Version 16
VisualStudioVersion = 16.0.30503.244
MinimumVisualStudioVersion = 10.0.40219.1
Project("{2150E333-8FDC-42A3-9474-1A3956D46DE8}") = "01-Uvod", "01-Uvod", "{F955E573-D8E9-4AD6-BA4E-233205DD6AA1}"
EndProject
Project("{2150E333-8FDC-42A3-9474-1A3956D46DE8}") = "02-Podminky", "02-Podminky", "{7A15B0A2-39F6-4F4B-88B8-70E67B5354E2}"
EndProject
Project("{9A19103F-16F7-4668-BE54-9A1E7A4F7556}") = "02-Podm-060-Den_v_tydnu", "02-Podm-060-Den_v_tydnu\02-Podm-060-Den_v_tydnu.csproj", "{6AB360E6-C786-4598-9CFC-2FCDA7EE6877}"
EndProject
Project("{9A19103F-16F7-4668-BE54-9A1E7A4F7556}") = "02-Podm-090-Je_vikend", "02-Podm-090-Je_vikend\02-Podm-090-Je_vikend.csproj", "{FA11C4A2-21FF-44FB-B136-576F1E5DDD39}"
EndProject
Project("{9A19103F-16F7-4668-BE54-9A1E7A4F7556}") = "02-Podm-130-Kolik_dnu", "02-Podm-130-Kolik_dnu\02-Podm-130-Kolik_dnu.csproj", "{5197CE3F-5DC8-4C92-B097-510238A7F49D}"
EndProject
Project("{9A19103F-16F7-4668-BE54-9A1E7A4F7556}") = "01-Uvod-010-Pozdrav", "01-Uvod-010-Pozdrav\01-Uvod-010-Pozdrav.csproj", "{FD4A95B7-3B06-4148-B1B1-C42D47419E1A}"
EndProject
Project("{9A19103F-16F7-4668-BE54-9A1E7A4F7556}") = "01-Uvod-020-Nej_skola", "01-Uvod-020-Nej_skola\01-Uvod-020-Nej_skola.csproj", "{2669F9A7-1158-4A58-8506-634CCA0349FB}"
EndProject
Project("{9A19103F-16F7-4668-BE54-9A1E7A4F7556}") = "01-Uvod-030-Domaci_vs_hoste", "01-Uvod-030-Domaci_vs_hoste\01-Uvod-030-Domaci_vs_hoste.csproj", "{69F1F761-5494-41B1-9818-0F8C2AF4F52D}"
EndProject
Project("{9A19103F-16F7-4668-BE54-9A1E7A4F7556}") = "01-Uvod-040-Datove_typy", "01-Uvod-040-Datove_typy\01-Uvod-040-Datove_typy.csproj", "{9C3BD72B-E017-4AC7-B3E4-0ED6361892AB}"
EndProject
Project("{9A19103F-16F7-4668-BE54-9A1E7A4F7556}") = "01-Uvod-050-Obsah_ctverce", "01-Uvod-050-Obsah_ctverce\01-Uvod-050-Obsah_ctverce.csproj", "{EDE0C32F-67B9-4BB5-90E9-29AE815344A2}"
EndProject
Project("{9A19103F-16F7-4668-BE54-9A1E7A4F7556}") = "01-Uvod-060-Objem_a_povrch_kvadru", "01-Uvod-060-Objem_a_povrch_kvadru\01-Uvod-060-Objem_a_povrch_kvadru.csproj", "{4BF77A5B-55BD-463A-83F4-FE793D2067E0}"
EndProject
Project("{9A19103F-16F7-4668-BE54-9A1E7A4F7556}") = "01-Uvod-070-Obvod_a_obsah_kruhu", "01-Uvod-070-Obvod_a_obsah_kruhu\01-Uvod-070-Obvod_a_obsah_kruhu.csproj", "{1822D388-E05E-4BCF-BFB3-8E15AA37F877}"
EndProject
Project("{9A19103F-16F7-4668-BE54-9A1E7A4F7556}") = "01-Uvod-080-Pythagorova_veta", "01-Uvod-080-Pythagorova_veta\01-Uvod-080-Pythagorova_veta.csproj", "{24E22825-A84A-4B30-8463-244E7C0880D5}"
EndProject
Project("{9A19103F-16F7-4668-BE54-9A1E7A4F7556}") = "01-Uvod-090-Vymena_karet", "01-Uvod-090-Vymena_karet\01-Uvod-090-Vymena_karet.csproj", "{D4B84312-8BEC-43B6-968E-9600CD890843}"
EndProject
Project("{9A19103F-16F7-4668-BE54-9A1E7A4F7556}") = "01-Uvod-100-Nakupni_kosik", "01-Uvod-100-Nakupni_kosik\01-Uvod-100-Nakupni_kosik.csproj", "{E5DA3AF6-F4F5-498B-A7EE-653B64CF2CCA}"
EndProject
Project("{9A19103F-16F7-4668-BE54-9A1E7A4F7556}") = "01-Uvod-110-Rozbite_deleni", "01-Uvod-110-Rozbite_deleni\01-Uvod-110-Rozbite_deleni.csproj", "{1D471B7F-402D-4262-AC3D-BECEEDBC69A7}"
EndProject
Project("{9A19103F-16F7-4668-BE54-9A1E7A4F7556}") = "01-Uvod-120-Heronuv_vzorec", "01-Uvod-120-Heronuv_vzorec\01-Uvod-120-Heronuv_vzorec.csproj", "{0122E9A7-1666-40E8-9A61-3D4768F55DF6}"
EndProject
Project("{9A19103F-16F7-4668-BE54-9A1E7A4F7556}") = "02-Podm-010-Vyssi-cislo", "02-Podm-010-Vyssi-cislo\02-Podm-010-Vyssi-cislo.csproj", "{4FCF507E-DEBB-4CE7-8503-31140ADB5B37}"
EndProject
Project("{9A19103F-16F7-4668-BE54-9A1E7A4F7556}") = "02-Podm-020-Kladne-nebo-zaporne", "02-Podm-020-Kladne-nebo-zaporne\02-Podm-020-Kladne-nebo-zaporne.csproj", "{06BD5C62-8EE2-4AE4-896D-75D11552F782}"
EndProject
Project("{9A19103F-16F7-4668-BE54-9A1E7A4F7556}") = "02-Podm-030-Chyba-c-1", "02-Podm-030-Chyba-c-1\02-Podm-030-Chyba-c-1.csproj", "{6781DF71-3A53-4FA5-AD3E-8749C61202F7}"
EndProject
Project("{9A19103F-16F7-4668-BE54-9A1E7A4F7556}") = "02-Podm-040-Suda_nebo_licha", "02-podm-040-Suda_nebo_licha\02-Podm-040-Suda_nebo_licha.csproj", "{689CEBA2-9D82-4715-8103-9A450CDBB055}"
EndProject
Project("{9A19103F-16F7-4668-BE54-9A1E7A4F7556}") = "02-Podm-050-Chyba-c-2", "02-Podm-050-Chyba-c-2\02-Podm-050-Chyba-c-2.csproj", "{2D16EBF2-977D-4E5C-99BA-EFD876E8AF7F}"
EndProject
Project("{9A19103F-16F7-4668-BE54-9A1E7A4F7556}") = "02-Podm-070-Chyba-c-3", "02-Podm-070-Chyba-c-3\02-Podm-070-Chyba-c-3.csproj", "{C49671A9-7E77-4201-B0FA-CB2E0C93B433}"
EndProject
Project("{9A19103F-16F7-4668-BE54-9A1E7A4F7556}") = "02-Podm-080-Absolutni-hodnota", "02-Podm-080-Absolutni-hodnota\02-Podm-080-Absolutni-hodnota.csproj", "{161A779A-149F-40BE-8479-86C0343C8E0B}"
EndProject
Project("{9A19103F-16F7-4668-BE54-9A1E7A4F7556}") = "02-Podm-100-Chyba-c-4", "02-Podm-100-Chyba-c-4\02-Podm-100-Chyba-c-4.csproj", "{A4A6D680-B1BB-485F-AA6D-FDF55B9D4865}"
EndProject
Project("{9A19103F-16F7-4668-BE54-9A1E7A4F7556}") = "02-Podm-110-Duchodova-kalkulacka", "02-Podm-110-Duchodova-kalkulacka\02-Podm-110-Duchodova-kalkulacka.csproj", "{6D24A065-8BCF-4C4D-B541-E5507FC4CE0F}"
EndProject
Project("{9A19103F-16F7-4668-BE54-9A1E7A4F7556}") = "02-Podm-120-Znamkovac", "02-Podm-120-Znamkovac\02-Podm-120-Znamkovac.csproj", "{6FC205BE-D239-4EE7-9798-DFE71335C650}"
EndProject
Project("{9A19103F-16F7-4668-BE54-9A1E7A4F7556}") = "02-Podm-140-Chyba-c-5", "02-Podm-140-Chyba-c-5\02-Podm-140-Chyba-c-5.csproj", "{3308A04F-45CE-4044-9808-FB275C0908C5}"
EndProject
Project("{9A19103F-16F7-4668-BE54-9A1E7A4F7556}") = "02-Podm-150-Nacteni-bool-z-klavesnice", "02-Podm-150-Nacteni-bool-z-klavesnice\02-Podm-150-Nacteni-bool-z-klavesnice.csproj", "{B0484FBE-360E-43A3-A0A0-8F28FE0F4C27}"
EndProject
Project("{9A19103F-16F7-4668-BE54-9A1E7A4F7556}") = "02-Podm-160-Je-samohlaska", "02-Podm-160-Je-samohlaska\02-Podm-160-Je-samohlaska.csproj", "{76370BBE-6918-4B9B-93D9-A7AB6F7BE94A}"
EndProject
Project("{9A19103F-16F7-4668-BE54-9A1E7A4F7556}") = "02-Podm-170-Typ-znaku", "02-Podm-170-Typ-znaku\02-Podm-170-Typ-znaku.csproj", "{487B3450-08BF-4FED-BF16-73BAAAFC0037}"
EndProject
Project("{9A19103F-16F7-4668-BE54-9A1E7A4F7556}") = "02-Podm-180-Delitelnost-2-a-3", "02-Podm-180-Delitelnost-2-a-3\02-Podm-180-Delitelnost-2-a-3.csproj", "{9152CA65-7E40-4C63-B5F5-6233F17F34FA}"
EndProject
Project("{9A19103F-16F7-4668-BE54-9A1E7A4F7556}") = "02-Podm-190-IQ-Test", "02-Podm-190-IQ-Test\02-Podm-190-IQ-Test.csproj", "{CD93A6D9-089B-42FE-848D-AA796059959C}"
EndProject
Project("{9A19103F-16F7-4668-BE54-9A1E7A4F7556}") = "02-Podm-310-Serazeni-Bonus", "02-Podm-310-Serazeni-Bonus\02-Podm-310-Serazeni-Bonus.csproj", "{508186F2-6E75-47BB-966B-F87488BEC7EF}"
EndProject
Project("{9A19103F-16F7-4668-BE54-9A1E7A4F7556}") = "02-Podm-210-Je-trojuhelnik", "02-Podm-210-Je-trojuhelnik\02-Podm-210-Je-trojuhelnik.csproj", "{4F705CEA-61CC-4F0E-99C1-9D6CD5BA3292}"
EndProject
Project("{9A19103F-16F7-4668-BE54-9A1E7A4F7556}") = "02-Podm-230-Svatebni-poradce-I", "02-Podm-230-Svatebni-poradce-I\02-Podm-230-Svatebni-poradce-I.csproj", "{9D89F2B3-9641-4680-BAF0-395D68703026}"
EndProject
Project("{9A19103F-16F7-4668-BE54-9A1E7A4F7556}") = "02-Podm-280-Prestupny-rok", "02-Podm-280-Prestupny-rok\02-Podm-280-Prestupny-rok.csproj", "{4289CB0A-83E4-4400-AF0C-A2BA9DF603D1}"
EndProject
Project("{9A19103F-16F7-4668-BE54-9A1E7A4F7556}") = "02-Podm-200-Interval", "02-Podm-200-Interval\02-Podm-200-Interval.csproj", "{8EB0BF7D-B8B1-41B6-95BC-CB05EEEB66F0}"
EndProject
Project("{9A19103F-16F7-4668-BE54-9A1E7A4F7556}") = "02-Podm-220-Ktery-kvadrant", "02-Podm-220-Ktery-kvadrant\02-Podm-220-Ktery-kvadrant.csproj", "{45454768-24D9-4A33-819B-FAD7ED9CA2B1}"
EndProject
Project("{9A19103F-16F7-4668-BE54-9A1E7A4F7556}") = "02-Podm-240-Svatebni_poradce-II", "02-Podm-240-Svatebni-poradce-II\02-Podm-240-Svatebni_poradce-II.csproj", "{312DD790-1D2F-45E0-AD08-B0D6CD8E73FC}"
EndProject
Project("{9A19103F-16F7-4668-BE54-9A1E7A4F7556}") = "02-Podm-250-Svatebni-poradce-III", "02-Podm-250-Svatebni-poradce-III\02-Podm-250-Svatebni-poradce-III.csproj", "{B19939FE-6782-4239-9AB4-77E480E82F84}"
EndProject
Project("{9A19103F-16F7-4668-BE54-9A1E7A4F7556}") = "02-Podm-260-Studijni-poradce", "02-Podm-260-Studijni-poradce\02-Podm-260-Studijni-poradce.csproj", "{8DC8A389-F4D7-4BEC-BFC4-8E37E6EF5FF9}"
EndProject
Project("{9A19103F-16F7-4668-BE54-9A1E7A4F7556}") = "02-Podm-270-Prijmout-kandidata", "02-Podm-270-Prijmout-kandidata\02-Podm-270-Prijmout-kandidata.csproj", "{7C106243-3768-4DDE-88C5-1C5AC57F1434}"
EndProject
Project("{9A19103F-16F7-4668-BE54-9A1E7A4F7556}") = "02-Podm-290-Nejvetsi-ze-tri", "02-Podm-290-Nejvetsi-ze-tri\02-Podm-290-Nejvetsi-ze-tri.csproj", "{2F9997BE-471B-4D75-B7F7-0FE74EA17D15}"
EndProject
Project("{2150E333-8FDC-42A3-9474-1A3956D46DE8}") = "02a-Random", "02a-Random", "{9F7CD231-0CEA-440E-8129-BBC99402F6F2}"
EndProject
Project("{9A19103F-16F7-4668-BE54-9A1E7A4F7556}") = "02a-Rnd-010-Sestistěnka", "02a-Rnd-010-Sestistěnka\02a-Rnd-010-Sestistěnka.csproj", "{1A0F6EEF-81C9-4080-AFE8-CA0BE127A323}"
EndProject
Project("{9A19103F-16F7-4668-BE54-9A1E7A4F7556}") = "02a-Rnd-020-Hra v kostky", "02a-Rnd-020-Hra v kostky\02a-Rnd-020-Hra v kostky.csproj", "{ACE2106B-2773-4564-AE7F-9FE11D9608BD}"
EndProject
Project("{9A19103F-16F7-4668-BE54-9A1E7A4F7556}") = "02a-Rnd-030-Ruznostenka", "02a-Rnd-030-Ruznostenka\02a-Rnd-030-Ruznostenka.csproj", "{EC3D8FEC-57F3-429C-8A19-287815F61238}"
EndProject
Project("{9A19103F-16F7-4668-BE54-9A1E7A4F7556}") = "02a-Rnd-040-KNP-uvod", "02a-Rnd-040-KNP-uvod\02a-Rnd-040-KNP-uvod.csproj", "{382FEECF-7D1B-4437-ABA9-5A40DF3AC9A7}"
EndProject
Project("{9A19103F-16F7-4668-BE54-9A1E7A4F7556}") = "02a-Rnd-050-KNP-User-interface", "02a-Rnd-050-KNP-User-interface\02a-Rnd-050-KNP-User-interface.csproj", "{3B793FC4-8D8F-4F46-A876-ACC39184DE18}"
EndProject
Project("{9A19103F-16F7-4668-BE54-9A1E7A4F7556}") = "02a-Rnd-060-KNP-cele", "02a-Rnd-060-KNP-cele\02a-Rnd-060-KNP-cele.csproj", "{FA06FF2D-4B88-4D57-8246-7C320E879B7A}"
EndProject
Project("{9A19103F-16F7-4668-BE54-9A1E7A4F7556}") = "03-While-010-Mala-nasobilka", "03-While-010-Mala-nasobilka\03-While-010-Mala-nasobilka.csproj", "{B07616F5-D77D-4F0E-B8E0-191AFAFD97B8}"
EndProject
Project("{9A19103F-16F7-4668-BE54-9A1E7A4F7556}") = "03-While-020-Nacti-zaporne", "03-While-020-Nacti-zaporne\03-While-020-Nacti-zaporne.csproj", "{0EACE196-3A78-4FAD-8368-4FA05EA4636D}"
EndProject
Project("{2150E333-8FDC-42A3-9474-1A3956D46DE8}") = "03-While", "03-While", "{F9C61390-53C0-45E5-B4FD-11C2E424EC14}"
EndProject
Project("{9A19103F-16F7-4668-BE54-9A1E7A4F7556}") = "03-While-030-Nacti-sude", "03-While-030-Nacti-sude\03-While-030-Nacti-sude.csproj", "{43CE8994-94CB-4936-98AD-37CCE069E163}"
EndProject
Project("{9A19103F-16F7-4668-BE54-9A1E7A4F7556}") = "03-While-050-Nacti-liche", "03-While-050-Nacti-liche\03-While-050-Nacti-liche.csproj", "{D9A95E9C-4E59-4E24-AD52-21ACBA12C374}"
EndProject
Project("{9A19103F-16F7-4668-BE54-9A1E7A4F7556}") = "03-While-040-Nacti-trojciferne", "03-While-040-Nacti-trojciferne\03-While-040-Nacti-trojciferne.csproj", "{3AF34B41-32C4-4373-84DB-25BDFC5D0E3E}"
EndProject
Project("{9A19103F-16F7-4668-BE54-9A1E7A4F7556}") = "03-While-060-Sude-nad-deset", "03-While-060-Sude-nad-deset\03-While-060-Sude-nad-deset.csproj", "{A247BE82-B86C-43A0-B616-11A300E5170B}"
EndProject
Project("{9A19103F-16F7-4668-BE54-9A1E7A4F7556}") = "03-While-070-Delitelnost", "03-While-070-Delitelnost\03-While-070-Delitelnost.csproj", "{B1671AE8-4305-4B70-8C2C-751A4646003B}"
EndProject
Project("{9A19103F-16F7-4668-BE54-9A1E7A4F7556}") = "03-While-080-Soucet-zadanych", "03-While-080-Soucet_zadanych\03-While-080-Soucet-zadanych.csproj", "{CFB9D6D8-FB0B-42B7-83A1-5E8B86B2C61A}"
EndProject
Project("{9A19103F-16F7-4668-BE54-9A1E7A4F7556}") = "03-While-090-Soucet-cisel-v-intervalu", "03-While-090-Soucet-cisel-v-intervalu\03-While-090-Soucet-cisel-v-intervalu.csproj", "{FB4CD492-8B5F-44A5-80A0-77FCCE445D7F}"
EndProject
Project("{9A19103F-16F7-4668-BE54-9A1E7A4F7556}") = "03-While-100-Soucin-zadanych", "03-While-100-Soucin-zadanych\03-While-100-Soucin-zadanych.csproj", "{EB9AB100-7511-45FD-84A5-74483CDD3E12}"
EndProject
Project("{9A19103F-16F7-4668-BE54-9A1E7A4F7556}") = "03-While-110-Kdy-padne-6", "03-While-110-Kdy-padne-6\03-While-110-Kdy-padne-6.csproj", "{81FA59BC-1D2A-4B84-96CE-6416EC22D5FB}"
EndProject
Project("{9A19103F-16F7-4668-BE54-9A1E7A4F7556}") = "03-While-110-Kdy-padne-6-Level-2", "03-While-110-Kdy-padne-6-Level-2\03-While-110-Kdy-padne-6-Level-2.csproj", "{40D37BD3-287F-4167-9A29-E0F8D86FA655}"
EndProject
Project("{9A19103F-16F7-4668-BE54-9A1E7A4F7556}") = "03-While-120-Pocty-podle-parity", "03-While-120-Pocty-podle-parity\03-While-120-Pocty-podle-parity.csproj", "{F58B87FD-D993-4456-9A45-D2A35255BD1C}"
EndProject
Project("{9A19103F-16F7-4668-BE54-9A1E7A4F7556}") = "03-While-130-Pocty-podle-velikosti", "03-While-130-Pocty-podle-velikosti\03-While-130-Pocty-podle-velikosti.csproj", "{9574932E-6385-472E-83AB-D0D4546A42C1}"
EndProject
Project("{9A19103F-16F7-4668-BE54-9A1E7A4F7556}") = "03-While-195-Zebriky-a-hadi", "03-While-195-Zebriky-a-hadi\03-While-195-Zebriky-a-hadi.csproj", "{2F118755-B10B-47EF-95ED-126B4C7005A9}"
EndProject
Project("{9A19103F-16F7-4668-BE54-9A1E7A4F7556}") = "03-While-140-Maximum", "C:\Users\koupja\source\repos\Reseni-01-Uvod\03-While-140-Maximum\03-While-140-Maximum.csproj", "{0FC22DE3-5824-460D-B0C3-E578EC9E6D1C}"
EndProject
Project("{9A19103F-16F7-4668-BE54-9A1E7A4F7556}") = "03-While-150-Minimum-ze-ctvrtych", "C:\Users\koupja\source\repos\Reseni-01-Uvod\03-While-150-Minimum-ze-ctvrtych\03-While-150-Minimum-ze-ctvrtych.csproj", "{B4A626CE-B40D-45C6-B83B-8B8DFC8801C2}"
EndProject
Project("{9A19103F-16F7-4668-BE54-9A1E7A4F7556}") = "03-While-170-Minimax", "03-While-170-Minimax\03-While-170-Minimax.csproj", "{5EADCAAA-F26F-46D8-8DA8-57C0739F1694}"
EndProject
Project("{9A19103F-16F7-4668-BE54-9A1E7A4F7556}") = "03-While-190-Hadej-kolik-myslim", "03-While-190-Hadej-kolik-myslim\03-While-190-Hadej-kolik-myslim.csproj", "{378F0632-F539-420C-ADCB-46F362ECE8D7}"
EndProject
Project("{9A19103F-16F7-4668-BE54-9A1E7A4F7556}") = "03-While-200-Serie-sestek", "03-While-200-Serie-sestek\03-While-200-Serie-sestek.csproj", "{39CEF7D1-EFA7-4E9D-B4E3-D1645139EB3B}"
EndProject
Project("{9A19103F-16F7-4668-BE54-9A1E7A4F7556}") = "03-While-200-Serie-sestek-level-2", "C:\Users\koupja\source\repos\Reseni-01-Uvod\03-While-200-Serie-sestek-level-2\03-While-200-Serie-sestek-level-2.csproj", "{F67D9D37-559A-4558-AE29-1496AE077132}"
EndProject
Project("{9A19103F-16F7-4668-BE54-9A1E7A4F7556}") = "03-While-160-Bezpecne-nacteni-cisla", "03-While-160-Bezpecne-nacteni-cisla\03-While-160-Bezpecne-nacteni-cisla.csproj", "{AECA1A61-AA1E-4182-BCFF-C6B3AFC503C7}"
EndProject
Project("{9A19103F-16F7-4668-BE54-9A1E7A4F7556}") = "03-While-180-Prumerny-hod-kostkou", "03-While-180-Prumerny-hod-kostkou\03-While-180-Prumerny-hod-kostkou.csproj", "{99A4FD20-4EE2-4AD1-B6A8-3E07F033526D}"
EndProject
Project("{9A19103F-16F7-4668-BE54-9A1E7A4F7556}") = "03-While-210-Hra-Nim", "03-While-210-Hra Nim\03-While-210-Hra-Nim.csproj", "{BBD7E906-BBA7-4ED8-990C-870C0F720958}"
EndProject
Project("{9A19103F-16F7-4668-BE54-9A1E7A4F7556}") = "03-While-210-Hra-Nim-level-2-3", "03-While-210-Hra-Nim-level-2-3\03-While-210-Hra-Nim-level-2-3.csproj", "{F45EC494-A4E6-4D82-BAA0-3B711FD789FD}"
EndProject
Project("{9A19103F-16F7-4668-BE54-9A1E7A4F7556}") = "03-While-220-Kamen-Nuzky-Papir", "03-While-220-Kamen-Nuzky-Papir\03-While-220-Kamen-Nuzky-Papir.csproj", "{BA381B4F-BC63-478D-B213-70BD064A93B9}"
EndProject
Project("{9A19103F-16F7-4668-BE54-9A1E7A4F7556}") = "03-While-220-Kamen-Nuzky-Papir-Level-2", "03-While-220-Kamen-Nuzky-Papir-Level-2\03-While-220-Kamen-Nuzky-Papir-Level-2.csproj", "{F1ADCA61-24CC-4F1D-9B35-97CC873F40E9}"
EndProject
Project("{9A19103F-16F7-4668-BE54-9A1E7A4F7556}") = "03-While-230-Ruleta", "03-While-230-Ruleta\03-While-230-Ruleta.csproj", "{22BE1D44-8B0D-47D6-9E50-8FBE22BB13B9}"
EndProject
Project("{2150E333-8FDC-42A3-9474-1A3956D46DE8}") = "04-For", "04-For", "{854FE20E-4E31-431D-B30D-9B47F42C268E}"
EndProject
Project("{9A19103F-16F7-4668-BE54-9A1E7A4F7556}") = "04-For-010-Zdraveni", "04-For-010-Zdraveni\04-For-010-Zdraveni.csproj", "{B62CF639-7B9A-47BD-9C61-01067A5E6A93}"
EndProject
Project("{9A19103F-16F7-4668-BE54-9A1E7A4F7556}") = "04-For-020-Odpocet", "04-For-020-Odpocet\04-For-020-Odpocet.csproj", "{CC6F4C96-5D3E-49E8-BAA2-2067033DDFE6}"
EndProject
Project("{9A19103F-16F7-4668-BE54-9A1E7A4F7556}") = "04-For-030-Pred-pikolou", "04-For-030-Pred-pikolou\04-For-030-Pred-pikolou.csproj", "{E6849DD5-C1AB-45FA-8C05-1CB76851A497}"
EndProject
Project("{9A19103F-16F7-4668-BE54-9A1E7A4F7556}") = "04-For-080-Sečti-10-cisel", "04-For-080-Sečti-10-cisel\04-For-080-Sečti-10-cisel.csproj", "{029A90B1-2344-4812-A43E-A065B813B708}"
EndProject
Project("{9A19103F-16F7-4668-BE54-9A1E7A4F7556}") = "04-For-090-Secti-suda-cisla-z-10-cisel", "04-For-090-Secti-suda-cisla-z-10-cisel\04-For-090-Secti-suda-cisla-z-10-cisel.csproj", "{D4C0D25E-4614-4E31-8F63-624F7EC4F93C}"
EndProject
Project("{9A19103F-16F7-4668-BE54-9A1E7A4F7556}") = "04-For-100-Secti-cisla-na-sudych-pozicich-z-10-cisel", "04-For-100-Secti-cisla-na-sudych-pozicich-z-10-cisel\04-For-100-Secti-cisla-na-sudych-pozicich-z-10-cisel.csproj", "{2232D283-20F2-4819-B119-A8C415D206AA}"
EndProject
Project("{9A19103F-16F7-4668-BE54-9A1E7A4F7556}") = "04-For-110-Secti-N-cisel", "04-For-110-Secti-N-cisel\04-For-110-Secti-N-cisel.csproj", "{476D20DF-0EFC-4AB4-BF05-591699C51D80}"
EndProject
Project("{9A19103F-16F7-4668-BE54-9A1E7A4F7556}") = "04-For-120-Jsou-vsechna-cisla-licha", "04-For-120-Jsou-vsechna-cisla-licha\04-For-120-Jsou-vsechna-cisla-licha.csproj", "{44607B77-8E5C-4B98-8104-A3693F4C5D31}"
EndProject
Project("{9A19103F-16F7-4668-BE54-9A1E7A4F7556}") = "04-For-130-Prumer-z-N-cisel", "04-For-130-Prumer-z-N-cisel\04-For-130-Prumer-z-N-cisel.csproj", "{50410D1C-9887-4435-ABCC-FBFB5120C982}"
EndProject
Project("{9A19103F-16F7-4668-BE54-9A1E7A4F7556}") = "04-For-150-Obracene-slovo", "04-For-150-obracene-slovo\04-For-150-Obracene-slovo.csproj", "{B5402D78-B88C-4E5A-BACB-EB777A6DAD3E}"
EndProject
Project("{9A19103F-16F7-4668-BE54-9A1E7A4F7556}") = "04-For-160-Obraceny-text", "04-For-160-Obraceny-text\04-For-160-Obraceny-text.csproj", "{7408DC8C-E923-410F-8CE6-B0BD5DD3F746}"
EndProject
Project("{9A19103F-16F7-4668-BE54-9A1E7A4F7556}") = "04-For-170-Kazdy-druhy-znak", "04-For-170-Kazdy-druhy-znak\04-For-170-Kazdy-druhy-znak.csproj", "{1A288830-3767-4325-918D-F477F0FAFBDE}"
EndProject
Project("{9A19103F-16F7-4668-BE54-9A1E7A4F7556}") = "04-For-180-Vlozte-oddelovac", "04-For-180-Vlozte-oddelovac\04-For-180-Vlozte-oddelovac.csproj", "{7CF532B5-F447-427D-94B5-960629890E50}"
EndProject
Project("{9A19103F-16F7-4668-BE54-9A1E7A4F7556}") = "04-For-190-Vynechte-mezery", "04-For-190-Vynechte-mezery\04-For-190-Vynechte-mezery.csproj", "{34285552-668A-43A0-BD5C-C5F7E4FEF96B}"
EndProject
Project("{9A19103F-16F7-4668-BE54-9A1E7A4F7556}") = "04-For-200-Nechte-jen-pismena", "04-For-200-Nechte-jen-pismena\04-For-200-Nechte-jen-pismena.csproj", "{1C96A6B0-BA55-4530-8131-63BF42AEBCBB}"
EndProject
Project("{FAE04EC0-301F-11D3-BF4B-00C04F79EFBC}") = "04-For-210-Namaluj-ctverec", "04-For-210-Namaluj-ctverec\04-For-210-Namaluj-ctverec.csproj", "{94AE2FE8-ABB0-4914-98FC-F62F5BBD62F8}"
EndProject
Project("{FAE04EC0-301F-11D3-BF4B-00C04F79EFBC}") = "04-For-220-Namaluj-obdelnik", "04-For-220-Namaluj-obdelnik\04-For-220-Namaluj-obdelnik.csproj", "{FF675619-AE53-405F-B7B2-D8A59403230A}"
EndProject
Project("{FAE04EC0-301F-11D3-BF4B-00C04F79EFBC}") = "04-For-230-Namaluj-trojúhelnik-typu-p", "04-For-230-Namaluj-trojúhelnik-typu-p\04-For-230-Namaluj-trojúhelnik-typu-p.csproj", "{C5059CFB-0D02-4AEE-BF72-CD308C885FAE}"
EndProject
Project("{FAE04EC0-301F-11D3-BF4B-00C04F79EFBC}") = "04-For-240-Namaluj-trojuhelnik-typu-q", "04-For-240-Namaluj-trojuhelnik-typu-q\04-For-240-Namaluj-trojuhelnik-typu-q.csproj", "{D02D3866-F88C-4D4E-BEB5-BB17CE89708D}"
EndProject
Project("{FAE04EC0-301F-11D3-BF4B-00C04F79EFBC}") = "04-For-250-Namaluj-trojúhelník-typu-d", "04-For-250-Namaluj-trojúhelník-typu-d\04-For-250-Namaluj-trojúhelník-typu-d.csproj", "{D6BAC2D7-B0EC-4B7D-864A-8E3BED100A68}"
EndProject
Project("{FAE04EC0-301F-11D3-BF4B-00C04F79EFBC}") = "04-For-260-Namaluj-trojuhelnik-typu-delta", "04-For-260-Namaluj-trojuhelnik-typu-delta\04-For-260-Namaluj-trojuhelnik-typu-delta.csproj", "{54DBADC6-F167-4B9F-B523-F4C91355DF60}"
EndProject
Project("{FAE04EC0-301F-11D3-BF4B-00C04F79EFBC}") = "04-For-300-Kam-utoci-vez-L1", "04-For-300-Kam-utoci-vez-L1\04-For-300-Kam-utoci-vez-L1.csproj", "{8520B96E-5040-431B-85E7-ED4D8F0EDE06}"
EndProject
Project("{FAE04EC0-301F-11D3-BF4B-00C04F79EFBC}") = "04-For-310-Kam-utoci-vez-L2", "04-For-310-Kam-utoci-vez-L2\04-For-310-Kam-utoci-vez-L2.csproj", "{BF2835B9-A3D1-4C46-A1A2-46F569B81F50}"
EndProject
Project("{FAE04EC0-301F-11D3-BF4B-00C04F79EFBC}") = "04-For-320-Kam-dojde-kral-L1", "04-For-320-Kam-dojde-kral-L1\04-For-320-Kam-dojde-kral-L1.csproj", "{0B55D2EF-28C3-48C7-AD5E-E88EF2C7EDCF}"
EndProject
Project("{FAE04EC0-301F-11D3-BF4B-00C04F79EFBC}") = "04-For-330-Kam-dojde-kral-L2", "04-For-330-Kam-dojde-kral-L2\04-For-330-Kam-dojde-kral-L2.csproj", "{E3E6A0AD-82B5-44E9-968F-73370C7A7304}"
EndProject
Project("{FAE04EC0-301F-11D3-BF4B-00C04F79EFBC}") = "04-For-340-Kam-utoci-strelec-L1", "04-For-340-Kam-utoci-strelec-L1\04-For-340-Kam-utoci-strelec-L1.csproj", "{D36AA295-67C8-4512-8DC5-85CC7CBAA02D}"
EndProject
Project("{FAE04EC0-301F-11D3-BF4B-00C04F79EFBC}") = "04-For-350-Kam-utoci-strelec-L2", "04-For-350-Kam-utoci-strelec-L2\04-For-350-Kam-utoci-strelec-L2.csproj", "{4E87C8AA-7D4A-4C88-8107-06D09A30481A}"
EndProject
Project("{FAE04EC0-301F-11D3-BF4B-00C04F79EFBC}") = "04-For-360-Kam-utoci-dama-L1", "04-For-360-Kam-utoci-dama-L1\04-For-360-Kam-utoci-dama-L1.csproj", "{13446F36-B9A8-4DF3-B367-3FF9C3D8A0B5}"
EndProject
Project("{FAE04EC0-301F-11D3-BF4B-00C04F79EFBC}") = "04-For-370-Kam-utoci-dama-L2", "04-For-370-Kam-utoci-dama-L2\04-For-370-Kam-utoci-dama-L2.csproj", "{4B62583A-BF7F-4038-9FBE-A1226E6CF46A}"
EndProject
Project("{FAE04EC0-301F-11D3-BF4B-00C04F79EFBC}") = "04-For-380-Kam-utoci-jezdec-L1", "04-For-380-Kam-utoci-jezdec-L1\04-For-380-Kam-utoci-jezdec-L1.csproj", "{9BFCF183-C3B4-40B3-AFE2-AAB1B50B9FAD}"
EndProject
Project("{FAE04EC0-301F-11D3-BF4B-00C04F79EFBC}") = "04-For-390-Kam-utoci-jezdec-L2", "04-For-390-Kam-utoci-jezdec-L2\04-For-390-Kam-utoci-jezdec-L2.csproj", "{7502F9B6-14D9-4D3C-B0D2-D6A65D0A95C1}"
EndProject
Global
	GlobalSection(SolutionConfigurationPlatforms) = preSolution
		Debug|Any CPU = Debug|Any CPU
		Release|Any CPU = Release|Any CPU
	EndGlobalSection
	GlobalSection(ProjectConfigurationPlatforms) = postSolution
		{6AB360E6-C786-4598-9CFC-2FCDA7EE6877}.Debug|Any CPU.ActiveCfg = Debug|Any CPU
		{6AB360E6-C786-4598-9CFC-2FCDA7EE6877}.Debug|Any CPU.Build.0 = Debug|Any CPU
		{6AB360E6-C786-4598-9CFC-2FCDA7EE6877}.Release|Any CPU.ActiveCfg = Release|Any CPU
		{6AB360E6-C786-4598-9CFC-2FCDA7EE6877}.Release|Any CPU.Build.0 = Release|Any CPU
		{FA11C4A2-21FF-44FB-B136-576F1E5DDD39}.Debug|Any CPU.ActiveCfg = Debug|Any CPU
		{FA11C4A2-21FF-44FB-B136-576F1E5DDD39}.Debug|Any CPU.Build.0 = Debug|Any CPU
		{FA11C4A2-21FF-44FB-B136-576F1E5DDD39}.Release|Any CPU.ActiveCfg = Release|Any CPU
		{FA11C4A2-21FF-44FB-B136-576F1E5DDD39}.Release|Any CPU.Build.0 = Release|Any CPU
		{5197CE3F-5DC8-4C92-B097-510238A7F49D}.Debug|Any CPU.ActiveCfg = Debug|Any CPU
		{5197CE3F-5DC8-4C92-B097-510238A7F49D}.Debug|Any CPU.Build.0 = Debug|Any CPU
		{5197CE3F-5DC8-4C92-B097-510238A7F49D}.Release|Any CPU.ActiveCfg = Release|Any CPU
		{5197CE3F-5DC8-4C92-B097-510238A7F49D}.Release|Any CPU.Build.0 = Release|Any CPU
		{FD4A95B7-3B06-4148-B1B1-C42D47419E1A}.Debug|Any CPU.ActiveCfg = Debug|Any CPU
		{FD4A95B7-3B06-4148-B1B1-C42D47419E1A}.Debug|Any CPU.Build.0 = Debug|Any CPU
		{FD4A95B7-3B06-4148-B1B1-C42D47419E1A}.Release|Any CPU.ActiveCfg = Release|Any CPU
		{FD4A95B7-3B06-4148-B1B1-C42D47419E1A}.Release|Any CPU.Build.0 = Release|Any CPU
		{2669F9A7-1158-4A58-8506-634CCA0349FB}.Debug|Any CPU.ActiveCfg = Debug|Any CPU
		{2669F9A7-1158-4A58-8506-634CCA0349FB}.Debug|Any CPU.Build.0 = Debug|Any CPU
		{2669F9A7-1158-4A58-8506-634CCA0349FB}.Release|Any CPU.ActiveCfg = Release|Any CPU
		{2669F9A7-1158-4A58-8506-634CCA0349FB}.Release|Any CPU.Build.0 = Release|Any CPU
		{69F1F761-5494-41B1-9818-0F8C2AF4F52D}.Debug|Any CPU.ActiveCfg = Debug|Any CPU
		{69F1F761-5494-41B1-9818-0F8C2AF4F52D}.Debug|Any CPU.Build.0 = Debug|Any CPU
		{69F1F761-5494-41B1-9818-0F8C2AF4F52D}.Release|Any CPU.ActiveCfg = Release|Any CPU
		{69F1F761-5494-41B1-9818-0F8C2AF4F52D}.Release|Any CPU.Build.0 = Release|Any CPU
		{9C3BD72B-E017-4AC7-B3E4-0ED6361892AB}.Debug|Any CPU.ActiveCfg = Debug|Any CPU
		{9C3BD72B-E017-4AC7-B3E4-0ED6361892AB}.Debug|Any CPU.Build.0 = Debug|Any CPU
		{9C3BD72B-E017-4AC7-B3E4-0ED6361892AB}.Release|Any CPU.ActiveCfg = Release|Any CPU
		{9C3BD72B-E017-4AC7-B3E4-0ED6361892AB}.Release|Any CPU.Build.0 = Release|Any CPU
		{EDE0C32F-67B9-4BB5-90E9-29AE815344A2}.Debug|Any CPU.ActiveCfg = Debug|Any CPU
		{EDE0C32F-67B9-4BB5-90E9-29AE815344A2}.Debug|Any CPU.Build.0 = Debug|Any CPU
		{EDE0C32F-67B9-4BB5-90E9-29AE815344A2}.Release|Any CPU.ActiveCfg = Release|Any CPU
		{EDE0C32F-67B9-4BB5-90E9-29AE815344A2}.Release|Any CPU.Build.0 = Release|Any CPU
		{4BF77A5B-55BD-463A-83F4-FE793D2067E0}.Debug|Any CPU.ActiveCfg = Debug|Any CPU
		{4BF77A5B-55BD-463A-83F4-FE793D2067E0}.Debug|Any CPU.Build.0 = Debug|Any CPU
		{4BF77A5B-55BD-463A-83F4-FE793D2067E0}.Release|Any CPU.ActiveCfg = Release|Any CPU
		{4BF77A5B-55BD-463A-83F4-FE793D2067E0}.Release|Any CPU.Build.0 = Release|Any CPU
		{1822D388-E05E-4BCF-BFB3-8E15AA37F877}.Debug|Any CPU.ActiveCfg = Debug|Any CPU
		{1822D388-E05E-4BCF-BFB3-8E15AA37F877}.Debug|Any CPU.Build.0 = Debug|Any CPU
		{1822D388-E05E-4BCF-BFB3-8E15AA37F877}.Release|Any CPU.ActiveCfg = Release|Any CPU
		{1822D388-E05E-4BCF-BFB3-8E15AA37F877}.Release|Any CPU.Build.0 = Release|Any CPU
		{24E22825-A84A-4B30-8463-244E7C0880D5}.Debug|Any CPU.ActiveCfg = Debug|Any CPU
		{24E22825-A84A-4B30-8463-244E7C0880D5}.Debug|Any CPU.Build.0 = Debug|Any CPU
		{24E22825-A84A-4B30-8463-244E7C0880D5}.Release|Any CPU.ActiveCfg = Release|Any CPU
		{24E22825-A84A-4B30-8463-244E7C0880D5}.Release|Any CPU.Build.0 = Release|Any CPU
		{D4B84312-8BEC-43B6-968E-9600CD890843}.Debug|Any CPU.ActiveCfg = Debug|Any CPU
		{D4B84312-8BEC-43B6-968E-9600CD890843}.Debug|Any CPU.Build.0 = Debug|Any CPU
		{D4B84312-8BEC-43B6-968E-9600CD890843}.Release|Any CPU.ActiveCfg = Release|Any CPU
		{D4B84312-8BEC-43B6-968E-9600CD890843}.Release|Any CPU.Build.0 = Release|Any CPU
		{E5DA3AF6-F4F5-498B-A7EE-653B64CF2CCA}.Debug|Any CPU.ActiveCfg = Debug|Any CPU
		{E5DA3AF6-F4F5-498B-A7EE-653B64CF2CCA}.Debug|Any CPU.Build.0 = Debug|Any CPU
		{E5DA3AF6-F4F5-498B-A7EE-653B64CF2CCA}.Release|Any CPU.ActiveCfg = Release|Any CPU
		{E5DA3AF6-F4F5-498B-A7EE-653B64CF2CCA}.Release|Any CPU.Build.0 = Release|Any CPU
		{1D471B7F-402D-4262-AC3D-BECEEDBC69A7}.Debug|Any CPU.ActiveCfg = Debug|Any CPU
		{1D471B7F-402D-4262-AC3D-BECEEDBC69A7}.Debug|Any CPU.Build.0 = Debug|Any CPU
		{1D471B7F-402D-4262-AC3D-BECEEDBC69A7}.Release|Any CPU.ActiveCfg = Release|Any CPU
		{1D471B7F-402D-4262-AC3D-BECEEDBC69A7}.Release|Any CPU.Build.0 = Release|Any CPU
		{0122E9A7-1666-40E8-9A61-3D4768F55DF6}.Debug|Any CPU.ActiveCfg = Debug|Any CPU
		{0122E9A7-1666-40E8-9A61-3D4768F55DF6}.Debug|Any CPU.Build.0 = Debug|Any CPU
		{0122E9A7-1666-40E8-9A61-3D4768F55DF6}.Release|Any CPU.ActiveCfg = Release|Any CPU
		{0122E9A7-1666-40E8-9A61-3D4768F55DF6}.Release|Any CPU.Build.0 = Release|Any CPU
		{4FCF507E-DEBB-4CE7-8503-31140ADB5B37}.Debug|Any CPU.ActiveCfg = Debug|Any CPU
		{4FCF507E-DEBB-4CE7-8503-31140ADB5B37}.Debug|Any CPU.Build.0 = Debug|Any CPU
		{4FCF507E-DEBB-4CE7-8503-31140ADB5B37}.Release|Any CPU.ActiveCfg = Release|Any CPU
		{4FCF507E-DEBB-4CE7-8503-31140ADB5B37}.Release|Any CPU.Build.0 = Release|Any CPU
		{06BD5C62-8EE2-4AE4-896D-75D11552F782}.Debug|Any CPU.ActiveCfg = Debug|Any CPU
		{06BD5C62-8EE2-4AE4-896D-75D11552F782}.Debug|Any CPU.Build.0 = Debug|Any CPU
		{06BD5C62-8EE2-4AE4-896D-75D11552F782}.Release|Any CPU.ActiveCfg = Release|Any CPU
		{06BD5C62-8EE2-4AE4-896D-75D11552F782}.Release|Any CPU.Build.0 = Release|Any CPU
		{6781DF71-3A53-4FA5-AD3E-8749C61202F7}.Debug|Any CPU.ActiveCfg = Debug|Any CPU
		{6781DF71-3A53-4FA5-AD3E-8749C61202F7}.Debug|Any CPU.Build.0 = Debug|Any CPU
		{6781DF71-3A53-4FA5-AD3E-8749C61202F7}.Release|Any CPU.ActiveCfg = Release|Any CPU
		{6781DF71-3A53-4FA5-AD3E-8749C61202F7}.Release|Any CPU.Build.0 = Release|Any CPU
		{689CEBA2-9D82-4715-8103-9A450CDBB055}.Debug|Any CPU.ActiveCfg = Debug|Any CPU
		{689CEBA2-9D82-4715-8103-9A450CDBB055}.Debug|Any CPU.Build.0 = Debug|Any CPU
		{689CEBA2-9D82-4715-8103-9A450CDBB055}.Release|Any CPU.ActiveCfg = Release|Any CPU
		{689CEBA2-9D82-4715-8103-9A450CDBB055}.Release|Any CPU.Build.0 = Release|Any CPU
		{2D16EBF2-977D-4E5C-99BA-EFD876E8AF7F}.Debug|Any CPU.ActiveCfg = Debug|Any CPU
		{2D16EBF2-977D-4E5C-99BA-EFD876E8AF7F}.Debug|Any CPU.Build.0 = Debug|Any CPU
		{2D16EBF2-977D-4E5C-99BA-EFD876E8AF7F}.Release|Any CPU.ActiveCfg = Release|Any CPU
		{2D16EBF2-977D-4E5C-99BA-EFD876E8AF7F}.Release|Any CPU.Build.0 = Release|Any CPU
		{C49671A9-7E77-4201-B0FA-CB2E0C93B433}.Debug|Any CPU.ActiveCfg = Debug|Any CPU
		{C49671A9-7E77-4201-B0FA-CB2E0C93B433}.Debug|Any CPU.Build.0 = Debug|Any CPU
		{C49671A9-7E77-4201-B0FA-CB2E0C93B433}.Release|Any CPU.ActiveCfg = Release|Any CPU
		{C49671A9-7E77-4201-B0FA-CB2E0C93B433}.Release|Any CPU.Build.0 = Release|Any CPU
		{161A779A-149F-40BE-8479-86C0343C8E0B}.Debug|Any CPU.ActiveCfg = Debug|Any CPU
		{161A779A-149F-40BE-8479-86C0343C8E0B}.Debug|Any CPU.Build.0 = Debug|Any CPU
		{161A779A-149F-40BE-8479-86C0343C8E0B}.Release|Any CPU.ActiveCfg = Release|Any CPU
		{161A779A-149F-40BE-8479-86C0343C8E0B}.Release|Any CPU.Build.0 = Release|Any CPU
		{A4A6D680-B1BB-485F-AA6D-FDF55B9D4865}.Debug|Any CPU.ActiveCfg = Debug|Any CPU
		{A4A6D680-B1BB-485F-AA6D-FDF55B9D4865}.Debug|Any CPU.Build.0 = Debug|Any CPU
		{A4A6D680-B1BB-485F-AA6D-FDF55B9D4865}.Release|Any CPU.ActiveCfg = Release|Any CPU
		{A4A6D680-B1BB-485F-AA6D-FDF55B9D4865}.Release|Any CPU.Build.0 = Release|Any CPU
		{6D24A065-8BCF-4C4D-B541-E5507FC4CE0F}.Debug|Any CPU.ActiveCfg = Debug|Any CPU
		{6D24A065-8BCF-4C4D-B541-E5507FC4CE0F}.Debug|Any CPU.Build.0 = Debug|Any CPU
		{6D24A065-8BCF-4C4D-B541-E5507FC4CE0F}.Release|Any CPU.ActiveCfg = Release|Any CPU
		{6D24A065-8BCF-4C4D-B541-E5507FC4CE0F}.Release|Any CPU.Build.0 = Release|Any CPU
		{6FC205BE-D239-4EE7-9798-DFE71335C650}.Debug|Any CPU.ActiveCfg = Debug|Any CPU
		{6FC205BE-D239-4EE7-9798-DFE71335C650}.Debug|Any CPU.Build.0 = Debug|Any CPU
		{6FC205BE-D239-4EE7-9798-DFE71335C650}.Release|Any CPU.ActiveCfg = Release|Any CPU
		{6FC205BE-D239-4EE7-9798-DFE71335C650}.Release|Any CPU.Build.0 = Release|Any CPU
		{3308A04F-45CE-4044-9808-FB275C0908C5}.Debug|Any CPU.ActiveCfg = Debug|Any CPU
		{3308A04F-45CE-4044-9808-FB275C0908C5}.Debug|Any CPU.Build.0 = Debug|Any CPU
		{3308A04F-45CE-4044-9808-FB275C0908C5}.Release|Any CPU.ActiveCfg = Release|Any CPU
		{3308A04F-45CE-4044-9808-FB275C0908C5}.Release|Any CPU.Build.0 = Release|Any CPU
		{B0484FBE-360E-43A3-A0A0-8F28FE0F4C27}.Debug|Any CPU.ActiveCfg = Debug|Any CPU
		{B0484FBE-360E-43A3-A0A0-8F28FE0F4C27}.Debug|Any CPU.Build.0 = Debug|Any CPU
		{B0484FBE-360E-43A3-A0A0-8F28FE0F4C27}.Release|Any CPU.ActiveCfg = Release|Any CPU
		{B0484FBE-360E-43A3-A0A0-8F28FE0F4C27}.Release|Any CPU.Build.0 = Release|Any CPU
		{76370BBE-6918-4B9B-93D9-A7AB6F7BE94A}.Debug|Any CPU.ActiveCfg = Debug|Any CPU
		{76370BBE-6918-4B9B-93D9-A7AB6F7BE94A}.Debug|Any CPU.Build.0 = Debug|Any CPU
		{76370BBE-6918-4B9B-93D9-A7AB6F7BE94A}.Release|Any CPU.ActiveCfg = Release|Any CPU
		{76370BBE-6918-4B9B-93D9-A7AB6F7BE94A}.Release|Any CPU.Build.0 = Release|Any CPU
		{487B3450-08BF-4FED-BF16-73BAAAFC0037}.Debug|Any CPU.ActiveCfg = Debug|Any CPU
		{487B3450-08BF-4FED-BF16-73BAAAFC0037}.Debug|Any CPU.Build.0 = Debug|Any CPU
		{487B3450-08BF-4FED-BF16-73BAAAFC0037}.Release|Any CPU.ActiveCfg = Release|Any CPU
		{487B3450-08BF-4FED-BF16-73BAAAFC0037}.Release|Any CPU.Build.0 = Release|Any CPU
		{9152CA65-7E40-4C63-B5F5-6233F17F34FA}.Debug|Any CPU.ActiveCfg = Debug|Any CPU
		{9152CA65-7E40-4C63-B5F5-6233F17F34FA}.Debug|Any CPU.Build.0 = Debug|Any CPU
		{9152CA65-7E40-4C63-B5F5-6233F17F34FA}.Release|Any CPU.ActiveCfg = Release|Any CPU
		{9152CA65-7E40-4C63-B5F5-6233F17F34FA}.Release|Any CPU.Build.0 = Release|Any CPU
		{CD93A6D9-089B-42FE-848D-AA796059959C}.Debug|Any CPU.ActiveCfg = Debug|Any CPU
		{CD93A6D9-089B-42FE-848D-AA796059959C}.Debug|Any CPU.Build.0 = Debug|Any CPU
		{CD93A6D9-089B-42FE-848D-AA796059959C}.Release|Any CPU.ActiveCfg = Release|Any CPU
		{CD93A6D9-089B-42FE-848D-AA796059959C}.Release|Any CPU.Build.0 = Release|Any CPU
		{508186F2-6E75-47BB-966B-F87488BEC7EF}.Debug|Any CPU.ActiveCfg = Debug|Any CPU
		{508186F2-6E75-47BB-966B-F87488BEC7EF}.Debug|Any CPU.Build.0 = Debug|Any CPU
		{508186F2-6E75-47BB-966B-F87488BEC7EF}.Release|Any CPU.ActiveCfg = Release|Any CPU
		{508186F2-6E75-47BB-966B-F87488BEC7EF}.Release|Any CPU.Build.0 = Release|Any CPU
		{4F705CEA-61CC-4F0E-99C1-9D6CD5BA3292}.Debug|Any CPU.ActiveCfg = Debug|Any CPU
		{4F705CEA-61CC-4F0E-99C1-9D6CD5BA3292}.Debug|Any CPU.Build.0 = Debug|Any CPU
		{4F705CEA-61CC-4F0E-99C1-9D6CD5BA3292}.Release|Any CPU.ActiveCfg = Release|Any CPU
		{4F705CEA-61CC-4F0E-99C1-9D6CD5BA3292}.Release|Any CPU.Build.0 = Release|Any CPU
		{9D89F2B3-9641-4680-BAF0-395D68703026}.Debug|Any CPU.ActiveCfg = Debug|Any CPU
		{9D89F2B3-9641-4680-BAF0-395D68703026}.Debug|Any CPU.Build.0 = Debug|Any CPU
		{9D89F2B3-9641-4680-BAF0-395D68703026}.Release|Any CPU.ActiveCfg = Release|Any CPU
		{9D89F2B3-9641-4680-BAF0-395D68703026}.Release|Any CPU.Build.0 = Release|Any CPU
		{4289CB0A-83E4-4400-AF0C-A2BA9DF603D1}.Debug|Any CPU.ActiveCfg = Debug|Any CPU
		{4289CB0A-83E4-4400-AF0C-A2BA9DF603D1}.Debug|Any CPU.Build.0 = Debug|Any CPU
		{4289CB0A-83E4-4400-AF0C-A2BA9DF603D1}.Release|Any CPU.ActiveCfg = Release|Any CPU
		{4289CB0A-83E4-4400-AF0C-A2BA9DF603D1}.Release|Any CPU.Build.0 = Release|Any CPU
		{8EB0BF7D-B8B1-41B6-95BC-CB05EEEB66F0}.Debug|Any CPU.ActiveCfg = Debug|Any CPU
		{8EB0BF7D-B8B1-41B6-95BC-CB05EEEB66F0}.Debug|Any CPU.Build.0 = Debug|Any CPU
		{8EB0BF7D-B8B1-41B6-95BC-CB05EEEB66F0}.Release|Any CPU.ActiveCfg = Release|Any CPU
		{8EB0BF7D-B8B1-41B6-95BC-CB05EEEB66F0}.Release|Any CPU.Build.0 = Release|Any CPU
		{45454768-24D9-4A33-819B-FAD7ED9CA2B1}.Debug|Any CPU.ActiveCfg = Debug|Any CPU
		{45454768-24D9-4A33-819B-FAD7ED9CA2B1}.Debug|Any CPU.Build.0 = Debug|Any CPU
		{45454768-24D9-4A33-819B-FAD7ED9CA2B1}.Release|Any CPU.ActiveCfg = Release|Any CPU
		{45454768-24D9-4A33-819B-FAD7ED9CA2B1}.Release|Any CPU.Build.0 = Release|Any CPU
		{312DD790-1D2F-45E0-AD08-B0D6CD8E73FC}.Debug|Any CPU.ActiveCfg = Debug|Any CPU
		{312DD790-1D2F-45E0-AD08-B0D6CD8E73FC}.Debug|Any CPU.Build.0 = Debug|Any CPU
		{312DD790-1D2F-45E0-AD08-B0D6CD8E73FC}.Release|Any CPU.ActiveCfg = Release|Any CPU
		{312DD790-1D2F-45E0-AD08-B0D6CD8E73FC}.Release|Any CPU.Build.0 = Release|Any CPU
		{B19939FE-6782-4239-9AB4-77E480E82F84}.Debug|Any CPU.ActiveCfg = Debug|Any CPU
		{B19939FE-6782-4239-9AB4-77E480E82F84}.Debug|Any CPU.Build.0 = Debug|Any CPU
		{B19939FE-6782-4239-9AB4-77E480E82F84}.Release|Any CPU.ActiveCfg = Release|Any CPU
		{B19939FE-6782-4239-9AB4-77E480E82F84}.Release|Any CPU.Build.0 = Release|Any CPU
		{8DC8A389-F4D7-4BEC-BFC4-8E37E6EF5FF9}.Debug|Any CPU.ActiveCfg = Debug|Any CPU
		{8DC8A389-F4D7-4BEC-BFC4-8E37E6EF5FF9}.Debug|Any CPU.Build.0 = Debug|Any CPU
		{8DC8A389-F4D7-4BEC-BFC4-8E37E6EF5FF9}.Release|Any CPU.ActiveCfg = Release|Any CPU
		{8DC8A389-F4D7-4BEC-BFC4-8E37E6EF5FF9}.Release|Any CPU.Build.0 = Release|Any CPU
		{7C106243-3768-4DDE-88C5-1C5AC57F1434}.Debug|Any CPU.ActiveCfg = Debug|Any CPU
		{7C106243-3768-4DDE-88C5-1C5AC57F1434}.Debug|Any CPU.Build.0 = Debug|Any CPU
		{7C106243-3768-4DDE-88C5-1C5AC57F1434}.Release|Any CPU.ActiveCfg = Release|Any CPU
		{7C106243-3768-4DDE-88C5-1C5AC57F1434}.Release|Any CPU.Build.0 = Release|Any CPU
		{2F9997BE-471B-4D75-B7F7-0FE74EA17D15}.Debug|Any CPU.ActiveCfg = Debug|Any CPU
		{2F9997BE-471B-4D75-B7F7-0FE74EA17D15}.Debug|Any CPU.Build.0 = Debug|Any CPU
		{2F9997BE-471B-4D75-B7F7-0FE74EA17D15}.Release|Any CPU.ActiveCfg = Release|Any CPU
		{2F9997BE-471B-4D75-B7F7-0FE74EA17D15}.Release|Any CPU.Build.0 = Release|Any CPU
		{1A0F6EEF-81C9-4080-AFE8-CA0BE127A323}.Debug|Any CPU.ActiveCfg = Debug|Any CPU
		{1A0F6EEF-81C9-4080-AFE8-CA0BE127A323}.Debug|Any CPU.Build.0 = Debug|Any CPU
		{1A0F6EEF-81C9-4080-AFE8-CA0BE127A323}.Release|Any CPU.ActiveCfg = Release|Any CPU
		{1A0F6EEF-81C9-4080-AFE8-CA0BE127A323}.Release|Any CPU.Build.0 = Release|Any CPU
		{ACE2106B-2773-4564-AE7F-9FE11D9608BD}.Debug|Any CPU.ActiveCfg = Debug|Any CPU
		{ACE2106B-2773-4564-AE7F-9FE11D9608BD}.Debug|Any CPU.Build.0 = Debug|Any CPU
		{ACE2106B-2773-4564-AE7F-9FE11D9608BD}.Release|Any CPU.ActiveCfg = Release|Any CPU
		{ACE2106B-2773-4564-AE7F-9FE11D9608BD}.Release|Any CPU.Build.0 = Release|Any CPU
		{EC3D8FEC-57F3-429C-8A19-287815F61238}.Debug|Any CPU.ActiveCfg = Debug|Any CPU
		{EC3D8FEC-57F3-429C-8A19-287815F61238}.Debug|Any CPU.Build.0 = Debug|Any CPU
		{EC3D8FEC-57F3-429C-8A19-287815F61238}.Release|Any CPU.ActiveCfg = Release|Any CPU
		{EC3D8FEC-57F3-429C-8A19-287815F61238}.Release|Any CPU.Build.0 = Release|Any CPU
		{382FEECF-7D1B-4437-ABA9-5A40DF3AC9A7}.Debug|Any CPU.ActiveCfg = Debug|Any CPU
		{382FEECF-7D1B-4437-ABA9-5A40DF3AC9A7}.Debug|Any CPU.Build.0 = Debug|Any CPU
		{382FEECF-7D1B-4437-ABA9-5A40DF3AC9A7}.Release|Any CPU.ActiveCfg = Release|Any CPU
		{382FEECF-7D1B-4437-ABA9-5A40DF3AC9A7}.Release|Any CPU.Build.0 = Release|Any CPU
		{3B793FC4-8D8F-4F46-A876-ACC39184DE18}.Debug|Any CPU.ActiveCfg = Debug|Any CPU
		{3B793FC4-8D8F-4F46-A876-ACC39184DE18}.Debug|Any CPU.Build.0 = Debug|Any CPU
		{3B793FC4-8D8F-4F46-A876-ACC39184DE18}.Release|Any CPU.ActiveCfg = Release|Any CPU
		{3B793FC4-8D8F-4F46-A876-ACC39184DE18}.Release|Any CPU.Build.0 = Release|Any CPU
		{FA06FF2D-4B88-4D57-8246-7C320E879B7A}.Debug|Any CPU.ActiveCfg = Debug|Any CPU
		{FA06FF2D-4B88-4D57-8246-7C320E879B7A}.Debug|Any CPU.Build.0 = Debug|Any CPU
		{FA06FF2D-4B88-4D57-8246-7C320E879B7A}.Release|Any CPU.ActiveCfg = Release|Any CPU
		{FA06FF2D-4B88-4D57-8246-7C320E879B7A}.Release|Any CPU.Build.0 = Release|Any CPU
		{B07616F5-D77D-4F0E-B8E0-191AFAFD97B8}.Debug|Any CPU.ActiveCfg = Debug|Any CPU
		{B07616F5-D77D-4F0E-B8E0-191AFAFD97B8}.Debug|Any CPU.Build.0 = Debug|Any CPU
		{B07616F5-D77D-4F0E-B8E0-191AFAFD97B8}.Release|Any CPU.ActiveCfg = Release|Any CPU
		{B07616F5-D77D-4F0E-B8E0-191AFAFD97B8}.Release|Any CPU.Build.0 = Release|Any CPU
		{0EACE196-3A78-4FAD-8368-4FA05EA4636D}.Debug|Any CPU.ActiveCfg = Debug|Any CPU
		{0EACE196-3A78-4FAD-8368-4FA05EA4636D}.Debug|Any CPU.Build.0 = Debug|Any CPU
		{0EACE196-3A78-4FAD-8368-4FA05EA4636D}.Release|Any CPU.ActiveCfg = Release|Any CPU
		{0EACE196-3A78-4FAD-8368-4FA05EA4636D}.Release|Any CPU.Build.0 = Release|Any CPU
		{43CE8994-94CB-4936-98AD-37CCE069E163}.Debug|Any CPU.ActiveCfg = Debug|Any CPU
		{43CE8994-94CB-4936-98AD-37CCE069E163}.Debug|Any CPU.Build.0 = Debug|Any CPU
		{43CE8994-94CB-4936-98AD-37CCE069E163}.Release|Any CPU.ActiveCfg = Release|Any CPU
		{43CE8994-94CB-4936-98AD-37CCE069E163}.Release|Any CPU.Build.0 = Release|Any CPU
		{D9A95E9C-4E59-4E24-AD52-21ACBA12C374}.Debug|Any CPU.ActiveCfg = Debug|Any CPU
		{D9A95E9C-4E59-4E24-AD52-21ACBA12C374}.Debug|Any CPU.Build.0 = Debug|Any CPU
		{D9A95E9C-4E59-4E24-AD52-21ACBA12C374}.Release|Any CPU.ActiveCfg = Release|Any CPU
		{D9A95E9C-4E59-4E24-AD52-21ACBA12C374}.Release|Any CPU.Build.0 = Release|Any CPU
		{3AF34B41-32C4-4373-84DB-25BDFC5D0E3E}.Debug|Any CPU.ActiveCfg = Debug|Any CPU
		{3AF34B41-32C4-4373-84DB-25BDFC5D0E3E}.Debug|Any CPU.Build.0 = Debug|Any CPU
		{3AF34B41-32C4-4373-84DB-25BDFC5D0E3E}.Release|Any CPU.ActiveCfg = Release|Any CPU
		{3AF34B41-32C4-4373-84DB-25BDFC5D0E3E}.Release|Any CPU.Build.0 = Release|Any CPU
		{A247BE82-B86C-43A0-B616-11A300E5170B}.Debug|Any CPU.ActiveCfg = Debug|Any CPU
		{A247BE82-B86C-43A0-B616-11A300E5170B}.Debug|Any CPU.Build.0 = Debug|Any CPU
		{A247BE82-B86C-43A0-B616-11A300E5170B}.Release|Any CPU.ActiveCfg = Release|Any CPU
		{A247BE82-B86C-43A0-B616-11A300E5170B}.Release|Any CPU.Build.0 = Release|Any CPU
		{B1671AE8-4305-4B70-8C2C-751A4646003B}.Debug|Any CPU.ActiveCfg = Debug|Any CPU
		{B1671AE8-4305-4B70-8C2C-751A4646003B}.Debug|Any CPU.Build.0 = Debug|Any CPU
		{B1671AE8-4305-4B70-8C2C-751A4646003B}.Release|Any CPU.ActiveCfg = Release|Any CPU
		{B1671AE8-4305-4B70-8C2C-751A4646003B}.Release|Any CPU.Build.0 = Release|Any CPU
		{CFB9D6D8-FB0B-42B7-83A1-5E8B86B2C61A}.Debug|Any CPU.ActiveCfg = Debug|Any CPU
		{CFB9D6D8-FB0B-42B7-83A1-5E8B86B2C61A}.Debug|Any CPU.Build.0 = Debug|Any CPU
		{CFB9D6D8-FB0B-42B7-83A1-5E8B86B2C61A}.Release|Any CPU.ActiveCfg = Release|Any CPU
		{CFB9D6D8-FB0B-42B7-83A1-5E8B86B2C61A}.Release|Any CPU.Build.0 = Release|Any CPU
		{FB4CD492-8B5F-44A5-80A0-77FCCE445D7F}.Debug|Any CPU.ActiveCfg = Debug|Any CPU
		{FB4CD492-8B5F-44A5-80A0-77FCCE445D7F}.Debug|Any CPU.Build.0 = Debug|Any CPU
		{FB4CD492-8B5F-44A5-80A0-77FCCE445D7F}.Release|Any CPU.ActiveCfg = Release|Any CPU
		{FB4CD492-8B5F-44A5-80A0-77FCCE445D7F}.Release|Any CPU.Build.0 = Release|Any CPU
		{EB9AB100-7511-45FD-84A5-74483CDD3E12}.Debug|Any CPU.ActiveCfg = Debug|Any CPU
		{EB9AB100-7511-45FD-84A5-74483CDD3E12}.Debug|Any CPU.Build.0 = Debug|Any CPU
		{EB9AB100-7511-45FD-84A5-74483CDD3E12}.Release|Any CPU.ActiveCfg = Release|Any CPU
		{EB9AB100-7511-45FD-84A5-74483CDD3E12}.Release|Any CPU.Build.0 = Release|Any CPU
		{81FA59BC-1D2A-4B84-96CE-6416EC22D5FB}.Debug|Any CPU.ActiveCfg = Debug|Any CPU
		{81FA59BC-1D2A-4B84-96CE-6416EC22D5FB}.Debug|Any CPU.Build.0 = Debug|Any CPU
		{81FA59BC-1D2A-4B84-96CE-6416EC22D5FB}.Release|Any CPU.ActiveCfg = Release|Any CPU
		{81FA59BC-1D2A-4B84-96CE-6416EC22D5FB}.Release|Any CPU.Build.0 = Release|Any CPU
		{40D37BD3-287F-4167-9A29-E0F8D86FA655}.Debug|Any CPU.ActiveCfg = Debug|Any CPU
		{40D37BD3-287F-4167-9A29-E0F8D86FA655}.Debug|Any CPU.Build.0 = Debug|Any CPU
		{40D37BD3-287F-4167-9A29-E0F8D86FA655}.Release|Any CPU.ActiveCfg = Release|Any CPU
		{40D37BD3-287F-4167-9A29-E0F8D86FA655}.Release|Any CPU.Build.0 = Release|Any CPU
		{F58B87FD-D993-4456-9A45-D2A35255BD1C}.Debug|Any CPU.ActiveCfg = Debug|Any CPU
		{F58B87FD-D993-4456-9A45-D2A35255BD1C}.Debug|Any CPU.Build.0 = Debug|Any CPU
		{F58B87FD-D993-4456-9A45-D2A35255BD1C}.Release|Any CPU.ActiveCfg = Release|Any CPU
		{F58B87FD-D993-4456-9A45-D2A35255BD1C}.Release|Any CPU.Build.0 = Release|Any CPU
		{9574932E-6385-472E-83AB-D0D4546A42C1}.Debug|Any CPU.ActiveCfg = Debug|Any CPU
		{9574932E-6385-472E-83AB-D0D4546A42C1}.Debug|Any CPU.Build.0 = Debug|Any CPU
		{9574932E-6385-472E-83AB-D0D4546A42C1}.Release|Any CPU.ActiveCfg = Release|Any CPU
		{9574932E-6385-472E-83AB-D0D4546A42C1}.Release|Any CPU.Build.0 = Release|Any CPU
		{2F118755-B10B-47EF-95ED-126B4C7005A9}.Debug|Any CPU.ActiveCfg = Debug|Any CPU
		{2F118755-B10B-47EF-95ED-126B4C7005A9}.Debug|Any CPU.Build.0 = Debug|Any CPU
		{2F118755-B10B-47EF-95ED-126B4C7005A9}.Release|Any CPU.ActiveCfg = Release|Any CPU
		{2F118755-B10B-47EF-95ED-126B4C7005A9}.Release|Any CPU.Build.0 = Release|Any CPU
		{0FC22DE3-5824-460D-B0C3-E578EC9E6D1C}.Debug|Any CPU.ActiveCfg = Debug|Any CPU
		{0FC22DE3-5824-460D-B0C3-E578EC9E6D1C}.Debug|Any CPU.Build.0 = Debug|Any CPU
		{0FC22DE3-5824-460D-B0C3-E578EC9E6D1C}.Release|Any CPU.ActiveCfg = Release|Any CPU
		{0FC22DE3-5824-460D-B0C3-E578EC9E6D1C}.Release|Any CPU.Build.0 = Release|Any CPU
		{B4A626CE-B40D-45C6-B83B-8B8DFC8801C2}.Debug|Any CPU.ActiveCfg = Debug|Any CPU
		{B4A626CE-B40D-45C6-B83B-8B8DFC8801C2}.Debug|Any CPU.Build.0 = Debug|Any CPU
		{B4A626CE-B40D-45C6-B83B-8B8DFC8801C2}.Release|Any CPU.ActiveCfg = Release|Any CPU
		{B4A626CE-B40D-45C6-B83B-8B8DFC8801C2}.Release|Any CPU.Build.0 = Release|Any CPU
		{5EADCAAA-F26F-46D8-8DA8-57C0739F1694}.Debug|Any CPU.ActiveCfg = Debug|Any CPU
		{5EADCAAA-F26F-46D8-8DA8-57C0739F1694}.Debug|Any CPU.Build.0 = Debug|Any CPU
		{5EADCAAA-F26F-46D8-8DA8-57C0739F1694}.Release|Any CPU.ActiveCfg = Release|Any CPU
		{5EADCAAA-F26F-46D8-8DA8-57C0739F1694}.Release|Any CPU.Build.0 = Release|Any CPU
		{378F0632-F539-420C-ADCB-46F362ECE8D7}.Debug|Any CPU.ActiveCfg = Debug|Any CPU
		{378F0632-F539-420C-ADCB-46F362ECE8D7}.Debug|Any CPU.Build.0 = Debug|Any CPU
		{378F0632-F539-420C-ADCB-46F362ECE8D7}.Release|Any CPU.ActiveCfg = Release|Any CPU
		{378F0632-F539-420C-ADCB-46F362ECE8D7}.Release|Any CPU.Build.0 = Release|Any CPU
		{39CEF7D1-EFA7-4E9D-B4E3-D1645139EB3B}.Debug|Any CPU.ActiveCfg = Debug|Any CPU
		{39CEF7D1-EFA7-4E9D-B4E3-D1645139EB3B}.Debug|Any CPU.Build.0 = Debug|Any CPU
		{39CEF7D1-EFA7-4E9D-B4E3-D1645139EB3B}.Release|Any CPU.ActiveCfg = Release|Any CPU
		{39CEF7D1-EFA7-4E9D-B4E3-D1645139EB3B}.Release|Any CPU.Build.0 = Release|Any CPU
		{F67D9D37-559A-4558-AE29-1496AE077132}.Debug|Any CPU.ActiveCfg = Debug|Any CPU
		{F67D9D37-559A-4558-AE29-1496AE077132}.Debug|Any CPU.Build.0 = Debug|Any CPU
		{F67D9D37-559A-4558-AE29-1496AE077132}.Release|Any CPU.ActiveCfg = Release|Any CPU
		{F67D9D37-559A-4558-AE29-1496AE077132}.Release|Any CPU.Build.0 = Release|Any CPU
		{AECA1A61-AA1E-4182-BCFF-C6B3AFC503C7}.Debug|Any CPU.ActiveCfg = Debug|Any CPU
		{AECA1A61-AA1E-4182-BCFF-C6B3AFC503C7}.Debug|Any CPU.Build.0 = Debug|Any CPU
		{AECA1A61-AA1E-4182-BCFF-C6B3AFC503C7}.Release|Any CPU.ActiveCfg = Release|Any CPU
		{AECA1A61-AA1E-4182-BCFF-C6B3AFC503C7}.Release|Any CPU.Build.0 = Release|Any CPU
		{99A4FD20-4EE2-4AD1-B6A8-3E07F033526D}.Debug|Any CPU.ActiveCfg = Debug|Any CPU
		{99A4FD20-4EE2-4AD1-B6A8-3E07F033526D}.Debug|Any CPU.Build.0 = Debug|Any CPU
		{99A4FD20-4EE2-4AD1-B6A8-3E07F033526D}.Release|Any CPU.ActiveCfg = Release|Any CPU
		{99A4FD20-4EE2-4AD1-B6A8-3E07F033526D}.Release|Any CPU.Build.0 = Release|Any CPU
		{BBD7E906-BBA7-4ED8-990C-870C0F720958}.Debug|Any CPU.ActiveCfg = Debug|Any CPU
		{BBD7E906-BBA7-4ED8-990C-870C0F720958}.Debug|Any CPU.Build.0 = Debug|Any CPU
		{BBD7E906-BBA7-4ED8-990C-870C0F720958}.Release|Any CPU.ActiveCfg = Release|Any CPU
		{BBD7E906-BBA7-4ED8-990C-870C0F720958}.Release|Any CPU.Build.0 = Release|Any CPU
		{F45EC494-A4E6-4D82-BAA0-3B711FD789FD}.Debug|Any CPU.ActiveCfg = Debug|Any CPU
		{F45EC494-A4E6-4D82-BAA0-3B711FD789FD}.Debug|Any CPU.Build.0 = Debug|Any CPU
		{F45EC494-A4E6-4D82-BAA0-3B711FD789FD}.Release|Any CPU.ActiveCfg = Release|Any CPU
		{F45EC494-A4E6-4D82-BAA0-3B711FD789FD}.Release|Any CPU.Build.0 = Release|Any CPU
		{BA381B4F-BC63-478D-B213-70BD064A93B9}.Debug|Any CPU.ActiveCfg = Debug|Any CPU
		{BA381B4F-BC63-478D-B213-70BD064A93B9}.Debug|Any CPU.Build.0 = Debug|Any CPU
		{BA381B4F-BC63-478D-B213-70BD064A93B9}.Release|Any CPU.ActiveCfg = Release|Any CPU
		{BA381B4F-BC63-478D-B213-70BD064A93B9}.Release|Any CPU.Build.0 = Release|Any CPU
		{F1ADCA61-24CC-4F1D-9B35-97CC873F40E9}.Debug|Any CPU.ActiveCfg = Debug|Any CPU
		{F1ADCA61-24CC-4F1D-9B35-97CC873F40E9}.Debug|Any CPU.Build.0 = Debug|Any CPU
		{F1ADCA61-24CC-4F1D-9B35-97CC873F40E9}.Release|Any CPU.ActiveCfg = Release|Any CPU
		{F1ADCA61-24CC-4F1D-9B35-97CC873F40E9}.Release|Any CPU.Build.0 = Release|Any CPU
		{22BE1D44-8B0D-47D6-9E50-8FBE22BB13B9}.Debug|Any CPU.ActiveCfg = Debug|Any CPU
		{22BE1D44-8B0D-47D6-9E50-8FBE22BB13B9}.Debug|Any CPU.Build.0 = Debug|Any CPU
		{22BE1D44-8B0D-47D6-9E50-8FBE22BB13B9}.Release|Any CPU.ActiveCfg = Release|Any CPU
		{22BE1D44-8B0D-47D6-9E50-8FBE22BB13B9}.Release|Any CPU.Build.0 = Release|Any CPU
		{B62CF639-7B9A-47BD-9C61-01067A5E6A93}.Debug|Any CPU.ActiveCfg = Debug|Any CPU
		{B62CF639-7B9A-47BD-9C61-01067A5E6A93}.Debug|Any CPU.Build.0 = Debug|Any CPU
		{B62CF639-7B9A-47BD-9C61-01067A5E6A93}.Release|Any CPU.ActiveCfg = Release|Any CPU
		{B62CF639-7B9A-47BD-9C61-01067A5E6A93}.Release|Any CPU.Build.0 = Release|Any CPU
		{CC6F4C96-5D3E-49E8-BAA2-2067033DDFE6}.Debug|Any CPU.ActiveCfg = Debug|Any CPU
		{CC6F4C96-5D3E-49E8-BAA2-2067033DDFE6}.Debug|Any CPU.Build.0 = Debug|Any CPU
		{CC6F4C96-5D3E-49E8-BAA2-2067033DDFE6}.Release|Any CPU.ActiveCfg = Release|Any CPU
		{CC6F4C96-5D3E-49E8-BAA2-2067033DDFE6}.Release|Any CPU.Build.0 = Release|Any CPU
		{E6849DD5-C1AB-45FA-8C05-1CB76851A497}.Debug|Any CPU.ActiveCfg = Debug|Any CPU
		{E6849DD5-C1AB-45FA-8C05-1CB76851A497}.Debug|Any CPU.Build.0 = Debug|Any CPU
		{E6849DD5-C1AB-45FA-8C05-1CB76851A497}.Release|Any CPU.ActiveCfg = Release|Any CPU
		{E6849DD5-C1AB-45FA-8C05-1CB76851A497}.Release|Any CPU.Build.0 = Release|Any CPU
		{029A90B1-2344-4812-A43E-A065B813B708}.Debug|Any CPU.ActiveCfg = Debug|Any CPU
		{029A90B1-2344-4812-A43E-A065B813B708}.Debug|Any CPU.Build.0 = Debug|Any CPU
		{029A90B1-2344-4812-A43E-A065B813B708}.Release|Any CPU.ActiveCfg = Release|Any CPU
		{029A90B1-2344-4812-A43E-A065B813B708}.Release|Any CPU.Build.0 = Release|Any CPU
		{D4C0D25E-4614-4E31-8F63-624F7EC4F93C}.Debug|Any CPU.ActiveCfg = Debug|Any CPU
		{D4C0D25E-4614-4E31-8F63-624F7EC4F93C}.Debug|Any CPU.Build.0 = Debug|Any CPU
		{D4C0D25E-4614-4E31-8F63-624F7EC4F93C}.Release|Any CPU.ActiveCfg = Release|Any CPU
		{D4C0D25E-4614-4E31-8F63-624F7EC4F93C}.Release|Any CPU.Build.0 = Release|Any CPU
		{2232D283-20F2-4819-B119-A8C415D206AA}.Debug|Any CPU.ActiveCfg = Debug|Any CPU
		{2232D283-20F2-4819-B119-A8C415D206AA}.Debug|Any CPU.Build.0 = Debug|Any CPU
		{2232D283-20F2-4819-B119-A8C415D206AA}.Release|Any CPU.ActiveCfg = Release|Any CPU
		{2232D283-20F2-4819-B119-A8C415D206AA}.Release|Any CPU.Build.0 = Release|Any CPU
		{476D20DF-0EFC-4AB4-BF05-591699C51D80}.Debug|Any CPU.ActiveCfg = Debug|Any CPU
		{476D20DF-0EFC-4AB4-BF05-591699C51D80}.Debug|Any CPU.Build.0 = Debug|Any CPU
		{476D20DF-0EFC-4AB4-BF05-591699C51D80}.Release|Any CPU.ActiveCfg = Release|Any CPU
		{476D20DF-0EFC-4AB4-BF05-591699C51D80}.Release|Any CPU.Build.0 = Release|Any CPU
		{44607B77-8E5C-4B98-8104-A3693F4C5D31}.Debug|Any CPU.ActiveCfg = Debug|Any CPU
		{44607B77-8E5C-4B98-8104-A3693F4C5D31}.Debug|Any CPU.Build.0 = Debug|Any CPU
		{44607B77-8E5C-4B98-8104-A3693F4C5D31}.Release|Any CPU.ActiveCfg = Release|Any CPU
		{44607B77-8E5C-4B98-8104-A3693F4C5D31}.Release|Any CPU.Build.0 = Release|Any CPU
		{50410D1C-9887-4435-ABCC-FBFB5120C982}.Debug|Any CPU.ActiveCfg = Debug|Any CPU
		{50410D1C-9887-4435-ABCC-FBFB5120C982}.Debug|Any CPU.Build.0 = Debug|Any CPU
		{50410D1C-9887-4435-ABCC-FBFB5120C982}.Release|Any CPU.ActiveCfg = Release|Any CPU
		{50410D1C-9887-4435-ABCC-FBFB5120C982}.Release|Any CPU.Build.0 = Release|Any CPU
		{B5402D78-B88C-4E5A-BACB-EB777A6DAD3E}.Debug|Any CPU.ActiveCfg = Debug|Any CPU
		{B5402D78-B88C-4E5A-BACB-EB777A6DAD3E}.Debug|Any CPU.Build.0 = Debug|Any CPU
		{B5402D78-B88C-4E5A-BACB-EB777A6DAD3E}.Release|Any CPU.ActiveCfg = Release|Any CPU
		{B5402D78-B88C-4E5A-BACB-EB777A6DAD3E}.Release|Any CPU.Build.0 = Release|Any CPU
		{7408DC8C-E923-410F-8CE6-B0BD5DD3F746}.Debug|Any CPU.ActiveCfg = Debug|Any CPU
		{7408DC8C-E923-410F-8CE6-B0BD5DD3F746}.Debug|Any CPU.Build.0 = Debug|Any CPU
		{7408DC8C-E923-410F-8CE6-B0BD5DD3F746}.Release|Any CPU.ActiveCfg = Release|Any CPU
		{7408DC8C-E923-410F-8CE6-B0BD5DD3F746}.Release|Any CPU.Build.0 = Release|Any CPU
		{1A288830-3767-4325-918D-F477F0FAFBDE}.Debug|Any CPU.ActiveCfg = Debug|Any CPU
		{1A288830-3767-4325-918D-F477F0FAFBDE}.Debug|Any CPU.Build.0 = Debug|Any CPU
		{1A288830-3767-4325-918D-F477F0FAFBDE}.Release|Any CPU.ActiveCfg = Release|Any CPU
		{1A288830-3767-4325-918D-F477F0FAFBDE}.Release|Any CPU.Build.0 = Release|Any CPU
		{7CF532B5-F447-427D-94B5-960629890E50}.Debug|Any CPU.ActiveCfg = Debug|Any CPU
		{7CF532B5-F447-427D-94B5-960629890E50}.Debug|Any CPU.Build.0 = Debug|Any CPU
		{7CF532B5-F447-427D-94B5-960629890E50}.Release|Any CPU.ActiveCfg = Release|Any CPU
		{7CF532B5-F447-427D-94B5-960629890E50}.Release|Any CPU.Build.0 = Release|Any CPU
		{34285552-668A-43A0-BD5C-C5F7E4FEF96B}.Debug|Any CPU.ActiveCfg = Debug|Any CPU
		{34285552-668A-43A0-BD5C-C5F7E4FEF96B}.Debug|Any CPU.Build.0 = Debug|Any CPU
		{34285552-668A-43A0-BD5C-C5F7E4FEF96B}.Release|Any CPU.ActiveCfg = Release|Any CPU
		{34285552-668A-43A0-BD5C-C5F7E4FEF96B}.Release|Any CPU.Build.0 = Release|Any CPU
		{1C96A6B0-BA55-4530-8131-63BF42AEBCBB}.Debug|Any CPU.ActiveCfg = Debug|Any CPU
		{1C96A6B0-BA55-4530-8131-63BF42AEBCBB}.Debug|Any CPU.Build.0 = Debug|Any CPU
		{1C96A6B0-BA55-4530-8131-63BF42AEBCBB}.Release|Any CPU.ActiveCfg = Release|Any CPU
		{1C96A6B0-BA55-4530-8131-63BF42AEBCBB}.Release|Any CPU.Build.0 = Release|Any CPU
		{94AE2FE8-ABB0-4914-98FC-F62F5BBD62F8}.Debug|Any CPU.ActiveCfg = Debug|Any CPU
		{94AE2FE8-ABB0-4914-98FC-F62F5BBD62F8}.Debug|Any CPU.Build.0 = Debug|Any CPU
		{94AE2FE8-ABB0-4914-98FC-F62F5BBD62F8}.Release|Any CPU.ActiveCfg = Release|Any CPU
		{94AE2FE8-ABB0-4914-98FC-F62F5BBD62F8}.Release|Any CPU.Build.0 = Release|Any CPU
		{FF675619-AE53-405F-B7B2-D8A59403230A}.Debug|Any CPU.ActiveCfg = Debug|Any CPU
		{FF675619-AE53-405F-B7B2-D8A59403230A}.Debug|Any CPU.Build.0 = Debug|Any CPU
		{FF675619-AE53-405F-B7B2-D8A59403230A}.Release|Any CPU.ActiveCfg = Release|Any CPU
		{FF675619-AE53-405F-B7B2-D8A59403230A}.Release|Any CPU.Build.0 = Release|Any CPU
		{C5059CFB-0D02-4AEE-BF72-CD308C885FAE}.Debug|Any CPU.ActiveCfg = Debug|Any CPU
		{C5059CFB-0D02-4AEE-BF72-CD308C885FAE}.Debug|Any CPU.Build.0 = Debug|Any CPU
		{C5059CFB-0D02-4AEE-BF72-CD308C885FAE}.Release|Any CPU.ActiveCfg = Release|Any CPU
		{C5059CFB-0D02-4AEE-BF72-CD308C885FAE}.Release|Any CPU.Build.0 = Release|Any CPU
		{D02D3866-F88C-4D4E-BEB5-BB17CE89708D}.Debug|Any CPU.ActiveCfg = Debug|Any CPU
		{D02D3866-F88C-4D4E-BEB5-BB17CE89708D}.Debug|Any CPU.Build.0 = Debug|Any CPU
		{D02D3866-F88C-4D4E-BEB5-BB17CE89708D}.Release|Any CPU.ActiveCfg = Release|Any CPU
		{D02D3866-F88C-4D4E-BEB5-BB17CE89708D}.Release|Any CPU.Build.0 = Release|Any CPU
		{D6BAC2D7-B0EC-4B7D-864A-8E3BED100A68}.Debug|Any CPU.ActiveCfg = Debug|Any CPU
		{D6BAC2D7-B0EC-4B7D-864A-8E3BED100A68}.Debug|Any CPU.Build.0 = Debug|Any CPU
		{D6BAC2D7-B0EC-4B7D-864A-8E3BED100A68}.Release|Any CPU.ActiveCfg = Release|Any CPU
		{D6BAC2D7-B0EC-4B7D-864A-8E3BED100A68}.Release|Any CPU.Build.0 = Release|Any CPU
		{54DBADC6-F167-4B9F-B523-F4C91355DF60}.Debug|Any CPU.ActiveCfg = Debug|Any CPU
		{54DBADC6-F167-4B9F-B523-F4C91355DF60}.Debug|Any CPU.Build.0 = Debug|Any CPU
		{54DBADC6-F167-4B9F-B523-F4C91355DF60}.Release|Any CPU.ActiveCfg = Release|Any CPU
		{54DBADC6-F167-4B9F-B523-F4C91355DF60}.Release|Any CPU.Build.0 = Release|Any CPU
		{8520B96E-5040-431B-85E7-ED4D8F0EDE06}.Debug|Any CPU.ActiveCfg = Debug|Any CPU
		{8520B96E-5040-431B-85E7-ED4D8F0EDE06}.Debug|Any CPU.Build.0 = Debug|Any CPU
		{8520B96E-5040-431B-85E7-ED4D8F0EDE06}.Release|Any CPU.ActiveCfg = Release|Any CPU
		{8520B96E-5040-431B-85E7-ED4D8F0EDE06}.Release|Any CPU.Build.0 = Release|Any CPU
		{BF2835B9-A3D1-4C46-A1A2-46F569B81F50}.Debug|Any CPU.ActiveCfg = Debug|Any CPU
		{BF2835B9-A3D1-4C46-A1A2-46F569B81F50}.Debug|Any CPU.Build.0 = Debug|Any CPU
		{BF2835B9-A3D1-4C46-A1A2-46F569B81F50}.Release|Any CPU.ActiveCfg = Release|Any CPU
		{BF2835B9-A3D1-4C46-A1A2-46F569B81F50}.Release|Any CPU.Build.0 = Release|Any CPU
		{0B55D2EF-28C3-48C7-AD5E-E88EF2C7EDCF}.Debug|Any CPU.ActiveCfg = Debug|Any CPU
		{0B55D2EF-28C3-48C7-AD5E-E88EF2C7EDCF}.Debug|Any CPU.Build.0 = Debug|Any CPU
		{0B55D2EF-28C3-48C7-AD5E-E88EF2C7EDCF}.Release|Any CPU.ActiveCfg = Release|Any CPU
		{0B55D2EF-28C3-48C7-AD5E-E88EF2C7EDCF}.Release|Any CPU.Build.0 = Release|Any CPU
		{E3E6A0AD-82B5-44E9-968F-73370C7A7304}.Debug|Any CPU.ActiveCfg = Debug|Any CPU
		{E3E6A0AD-82B5-44E9-968F-73370C7A7304}.Debug|Any CPU.Build.0 = Debug|Any CPU
		{E3E6A0AD-82B5-44E9-968F-73370C7A7304}.Release|Any CPU.ActiveCfg = Release|Any CPU
		{E3E6A0AD-82B5-44E9-968F-73370C7A7304}.Release|Any CPU.Build.0 = Release|Any CPU
		{D36AA295-67C8-4512-8DC5-85CC7CBAA02D}.Debug|Any CPU.ActiveCfg = Debug|Any CPU
		{D36AA295-67C8-4512-8DC5-85CC7CBAA02D}.Debug|Any CPU.Build.0 = Debug|Any CPU
		{D36AA295-67C8-4512-8DC5-85CC7CBAA02D}.Release|Any CPU.ActiveCfg = Release|Any CPU
		{D36AA295-67C8-4512-8DC5-85CC7CBAA02D}.Release|Any CPU.Build.0 = Release|Any CPU
		{4E87C8AA-7D4A-4C88-8107-06D09A30481A}.Debug|Any CPU.ActiveCfg = Debug|Any CPU
		{4E87C8AA-7D4A-4C88-8107-06D09A30481A}.Debug|Any CPU.Build.0 = Debug|Any CPU
		{4E87C8AA-7D4A-4C88-8107-06D09A30481A}.Release|Any CPU.ActiveCfg = Release|Any CPU
		{4E87C8AA-7D4A-4C88-8107-06D09A30481A}.Release|Any CPU.Build.0 = Release|Any CPU
		{13446F36-B9A8-4DF3-B367-3FF9C3D8A0B5}.Debug|Any CPU.ActiveCfg = Debug|Any CPU
		{13446F36-B9A8-4DF3-B367-3FF9C3D8A0B5}.Debug|Any CPU.Build.0 = Debug|Any CPU
		{13446F36-B9A8-4DF3-B367-3FF9C3D8A0B5}.Release|Any CPU.ActiveCfg = Release|Any CPU
		{13446F36-B9A8-4DF3-B367-3FF9C3D8A0B5}.Release|Any CPU.Build.0 = Release|Any CPU
		{4B62583A-BF7F-4038-9FBE-A1226E6CF46A}.Debug|Any CPU.ActiveCfg = Debug|Any CPU
		{4B62583A-BF7F-4038-9FBE-A1226E6CF46A}.Debug|Any CPU.Build.0 = Debug|Any CPU
		{4B62583A-BF7F-4038-9FBE-A1226E6CF46A}.Release|Any CPU.ActiveCfg = Release|Any CPU
		{4B62583A-BF7F-4038-9FBE-A1226E6CF46A}.Release|Any CPU.Build.0 = Release|Any CPU
		{9BFCF183-C3B4-40B3-AFE2-AAB1B50B9FAD}.Debug|Any CPU.ActiveCfg = Debug|Any CPU
		{9BFCF183-C3B4-40B3-AFE2-AAB1B50B9FAD}.Debug|Any CPU.Build.0 = Debug|Any CPU
		{9BFCF183-C3B4-40B3-AFE2-AAB1B50B9FAD}.Release|Any CPU.ActiveCfg = Release|Any CPU
		{9BFCF183-C3B4-40B3-AFE2-AAB1B50B9FAD}.Release|Any CPU.Build.0 = Release|Any CPU
		{7502F9B6-14D9-4D3C-B0D2-D6A65D0A95C1}.Debug|Any CPU.ActiveCfg = Debug|Any CPU
		{7502F9B6-14D9-4D3C-B0D2-D6A65D0A95C1}.Debug|Any CPU.Build.0 = Debug|Any CPU
		{7502F9B6-14D9-4D3C-B0D2-D6A65D0A95C1}.Release|Any CPU.ActiveCfg = Release|Any CPU
		{7502F9B6-14D9-4D3C-B0D2-D6A65D0A95C1}.Release|Any CPU.Build.0 = Release|Any CPU
	EndGlobalSection
	GlobalSection(SolutionProperties) = preSolution
		HideSolutionNode = FALSE
	EndGlobalSection
	GlobalSection(NestedProjects) = preSolution
		{6AB360E6-C786-4598-9CFC-2FCDA7EE6877} = {7A15B0A2-39F6-4F4B-88B8-70E67B5354E2}
		{FA11C4A2-21FF-44FB-B136-576F1E5DDD39} = {7A15B0A2-39F6-4F4B-88B8-70E67B5354E2}
		{5197CE3F-5DC8-4C92-B097-510238A7F49D} = {7A15B0A2-39F6-4F4B-88B8-70E67B5354E2}
		{FD4A95B7-3B06-4148-B1B1-C42D47419E1A} = {F955E573-D8E9-4AD6-BA4E-233205DD6AA1}
		{2669F9A7-1158-4A58-8506-634CCA0349FB} = {F955E573-D8E9-4AD6-BA4E-233205DD6AA1}
		{69F1F761-5494-41B1-9818-0F8C2AF4F52D} = {F955E573-D8E9-4AD6-BA4E-233205DD6AA1}
		{9C3BD72B-E017-4AC7-B3E4-0ED6361892AB} = {F955E573-D8E9-4AD6-BA4E-233205DD6AA1}
		{EDE0C32F-67B9-4BB5-90E9-29AE815344A2} = {F955E573-D8E9-4AD6-BA4E-233205DD6AA1}
		{4BF77A5B-55BD-463A-83F4-FE793D2067E0} = {F955E573-D8E9-4AD6-BA4E-233205DD6AA1}
		{1822D388-E05E-4BCF-BFB3-8E15AA37F877} = {F955E573-D8E9-4AD6-BA4E-233205DD6AA1}
		{24E22825-A84A-4B30-8463-244E7C0880D5} = {F955E573-D8E9-4AD6-BA4E-233205DD6AA1}
		{D4B84312-8BEC-43B6-968E-9600CD890843} = {F955E573-D8E9-4AD6-BA4E-233205DD6AA1}
		{E5DA3AF6-F4F5-498B-A7EE-653B64CF2CCA} = {F955E573-D8E9-4AD6-BA4E-233205DD6AA1}
		{1D471B7F-402D-4262-AC3D-BECEEDBC69A7} = {F955E573-D8E9-4AD6-BA4E-233205DD6AA1}
		{0122E9A7-1666-40E8-9A61-3D4768F55DF6} = {F955E573-D8E9-4AD6-BA4E-233205DD6AA1}
		{4FCF507E-DEBB-4CE7-8503-31140ADB5B37} = {7A15B0A2-39F6-4F4B-88B8-70E67B5354E2}
		{06BD5C62-8EE2-4AE4-896D-75D11552F782} = {7A15B0A2-39F6-4F4B-88B8-70E67B5354E2}
		{6781DF71-3A53-4FA5-AD3E-8749C61202F7} = {7A15B0A2-39F6-4F4B-88B8-70E67B5354E2}
		{689CEBA2-9D82-4715-8103-9A450CDBB055} = {7A15B0A2-39F6-4F4B-88B8-70E67B5354E2}
		{2D16EBF2-977D-4E5C-99BA-EFD876E8AF7F} = {7A15B0A2-39F6-4F4B-88B8-70E67B5354E2}
		{C49671A9-7E77-4201-B0FA-CB2E0C93B433} = {7A15B0A2-39F6-4F4B-88B8-70E67B5354E2}
		{161A779A-149F-40BE-8479-86C0343C8E0B} = {7A15B0A2-39F6-4F4B-88B8-70E67B5354E2}
		{A4A6D680-B1BB-485F-AA6D-FDF55B9D4865} = {7A15B0A2-39F6-4F4B-88B8-70E67B5354E2}
		{6D24A065-8BCF-4C4D-B541-E5507FC4CE0F} = {7A15B0A2-39F6-4F4B-88B8-70E67B5354E2}
		{6FC205BE-D239-4EE7-9798-DFE71335C650} = {7A15B0A2-39F6-4F4B-88B8-70E67B5354E2}
		{3308A04F-45CE-4044-9808-FB275C0908C5} = {7A15B0A2-39F6-4F4B-88B8-70E67B5354E2}
		{B0484FBE-360E-43A3-A0A0-8F28FE0F4C27} = {7A15B0A2-39F6-4F4B-88B8-70E67B5354E2}
		{76370BBE-6918-4B9B-93D9-A7AB6F7BE94A} = {7A15B0A2-39F6-4F4B-88B8-70E67B5354E2}
		{487B3450-08BF-4FED-BF16-73BAAAFC0037} = {7A15B0A2-39F6-4F4B-88B8-70E67B5354E2}
		{9152CA65-7E40-4C63-B5F5-6233F17F34FA} = {7A15B0A2-39F6-4F4B-88B8-70E67B5354E2}
		{CD93A6D9-089B-42FE-848D-AA796059959C} = {7A15B0A2-39F6-4F4B-88B8-70E67B5354E2}
		{508186F2-6E75-47BB-966B-F87488BEC7EF} = {7A15B0A2-39F6-4F4B-88B8-70E67B5354E2}
		{4F705CEA-61CC-4F0E-99C1-9D6CD5BA3292} = {7A15B0A2-39F6-4F4B-88B8-70E67B5354E2}
		{9D89F2B3-9641-4680-BAF0-395D68703026} = {7A15B0A2-39F6-4F4B-88B8-70E67B5354E2}
		{4289CB0A-83E4-4400-AF0C-A2BA9DF603D1} = {7A15B0A2-39F6-4F4B-88B8-70E67B5354E2}
		{8EB0BF7D-B8B1-41B6-95BC-CB05EEEB66F0} = {7A15B0A2-39F6-4F4B-88B8-70E67B5354E2}
		{45454768-24D9-4A33-819B-FAD7ED9CA2B1} = {7A15B0A2-39F6-4F4B-88B8-70E67B5354E2}
		{312DD790-1D2F-45E0-AD08-B0D6CD8E73FC} = {7A15B0A2-39F6-4F4B-88B8-70E67B5354E2}
		{B19939FE-6782-4239-9AB4-77E480E82F84} = {7A15B0A2-39F6-4F4B-88B8-70E67B5354E2}
		{8DC8A389-F4D7-4BEC-BFC4-8E37E6EF5FF9} = {7A15B0A2-39F6-4F4B-88B8-70E67B5354E2}
		{7C106243-3768-4DDE-88C5-1C5AC57F1434} = {7A15B0A2-39F6-4F4B-88B8-70E67B5354E2}
		{2F9997BE-471B-4D75-B7F7-0FE74EA17D15} = {7A15B0A2-39F6-4F4B-88B8-70E67B5354E2}
		{1A0F6EEF-81C9-4080-AFE8-CA0BE127A323} = {9F7CD231-0CEA-440E-8129-BBC99402F6F2}
		{ACE2106B-2773-4564-AE7F-9FE11D9608BD} = {9F7CD231-0CEA-440E-8129-BBC99402F6F2}
		{EC3D8FEC-57F3-429C-8A19-287815F61238} = {9F7CD231-0CEA-440E-8129-BBC99402F6F2}
		{382FEECF-7D1B-4437-ABA9-5A40DF3AC9A7} = {9F7CD231-0CEA-440E-8129-BBC99402F6F2}
		{3B793FC4-8D8F-4F46-A876-ACC39184DE18} = {9F7CD231-0CEA-440E-8129-BBC99402F6F2}
		{FA06FF2D-4B88-4D57-8246-7C320E879B7A} = {9F7CD231-0CEA-440E-8129-BBC99402F6F2}
		{B07616F5-D77D-4F0E-B8E0-191AFAFD97B8} = {F9C61390-53C0-45E5-B4FD-11C2E424EC14}
		{0EACE196-3A78-4FAD-8368-4FA05EA4636D} = {F9C61390-53C0-45E5-B4FD-11C2E424EC14}
		{43CE8994-94CB-4936-98AD-37CCE069E163} = {F9C61390-53C0-45E5-B4FD-11C2E424EC14}
		{D9A95E9C-4E59-4E24-AD52-21ACBA12C374} = {F9C61390-53C0-45E5-B4FD-11C2E424EC14}
		{3AF34B41-32C4-4373-84DB-25BDFC5D0E3E} = {F9C61390-53C0-45E5-B4FD-11C2E424EC14}
		{A247BE82-B86C-43A0-B616-11A300E5170B} = {F9C61390-53C0-45E5-B4FD-11C2E424EC14}
		{B1671AE8-4305-4B70-8C2C-751A4646003B} = {F9C61390-53C0-45E5-B4FD-11C2E424EC14}
		{CFB9D6D8-FB0B-42B7-83A1-5E8B86B2C61A} = {F9C61390-53C0-45E5-B4FD-11C2E424EC14}
		{FB4CD492-8B5F-44A5-80A0-77FCCE445D7F} = {F9C61390-53C0-45E5-B4FD-11C2E424EC14}
		{EB9AB100-7511-45FD-84A5-74483CDD3E12} = {F9C61390-53C0-45E5-B4FD-11C2E424EC14}
		{81FA59BC-1D2A-4B84-96CE-6416EC22D5FB} = {F9C61390-53C0-45E5-B4FD-11C2E424EC14}
		{40D37BD3-287F-4167-9A29-E0F8D86FA655} = {F9C61390-53C0-45E5-B4FD-11C2E424EC14}
		{F58B87FD-D993-4456-9A45-D2A35255BD1C} = {F9C61390-53C0-45E5-B4FD-11C2E424EC14}
		{9574932E-6385-472E-83AB-D0D4546A42C1} = {F9C61390-53C0-45E5-B4FD-11C2E424EC14}
		{2F118755-B10B-47EF-95ED-126B4C7005A9} = {F9C61390-53C0-45E5-B4FD-11C2E424EC14}
		{0FC22DE3-5824-460D-B0C3-E578EC9E6D1C} = {F9C61390-53C0-45E5-B4FD-11C2E424EC14}
		{B4A626CE-B40D-45C6-B83B-8B8DFC8801C2} = {F9C61390-53C0-45E5-B4FD-11C2E424EC14}
		{5EADCAAA-F26F-46D8-8DA8-57C0739F1694} = {F9C61390-53C0-45E5-B4FD-11C2E424EC14}
		{378F0632-F539-420C-ADCB-46F362ECE8D7} = {F9C61390-53C0-45E5-B4FD-11C2E424EC14}
		{39CEF7D1-EFA7-4E9D-B4E3-D1645139EB3B} = {F9C61390-53C0-45E5-B4FD-11C2E424EC14}
		{F67D9D37-559A-4558-AE29-1496AE077132} = {F9C61390-53C0-45E5-B4FD-11C2E424EC14}
		{AECA1A61-AA1E-4182-BCFF-C6B3AFC503C7} = {F9C61390-53C0-45E5-B4FD-11C2E424EC14}
		{99A4FD20-4EE2-4AD1-B6A8-3E07F033526D} = {F9C61390-53C0-45E5-B4FD-11C2E424EC14}
		{BBD7E906-BBA7-4ED8-990C-870C0F720958} = {F9C61390-53C0-45E5-B4FD-11C2E424EC14}
		{F45EC494-A4E6-4D82-BAA0-3B711FD789FD} = {F9C61390-53C0-45E5-B4FD-11C2E424EC14}
		{BA381B4F-BC63-478D-B213-70BD064A93B9} = {F9C61390-53C0-45E5-B4FD-11C2E424EC14}
		{F1ADCA61-24CC-4F1D-9B35-97CC873F40E9} = {F9C61390-53C0-45E5-B4FD-11C2E424EC14}
		{22BE1D44-8B0D-47D6-9E50-8FBE22BB13B9} = {F9C61390-53C0-45E5-B4FD-11C2E424EC14}
		{B62CF639-7B9A-47BD-9C61-01067A5E6A93} = {854FE20E-4E31-431D-B30D-9B47F42C268E}
		{CC6F4C96-5D3E-49E8-BAA2-2067033DDFE6} = {854FE20E-4E31-431D-B30D-9B47F42C268E}
		{E6849DD5-C1AB-45FA-8C05-1CB76851A497} = {854FE20E-4E31-431D-B30D-9B47F42C268E}
		{029A90B1-2344-4812-A43E-A065B813B708} = {854FE20E-4E31-431D-B30D-9B47F42C268E}
		{D4C0D25E-4614-4E31-8F63-624F7EC4F93C} = {854FE20E-4E31-431D-B30D-9B47F42C268E}
		{2232D283-20F2-4819-B119-A8C415D206AA} = {854FE20E-4E31-431D-B30D-9B47F42C268E}
		{476D20DF-0EFC-4AB4-BF05-591699C51D80} = {854FE20E-4E31-431D-B30D-9B47F42C268E}
		{44607B77-8E5C-4B98-8104-A3693F4C5D31} = {854FE20E-4E31-431D-B30D-9B47F42C268E}
		{50410D1C-9887-4435-ABCC-FBFB5120C982} = {854FE20E-4E31-431D-B30D-9B47F42C268E}
		{B5402D78-B88C-4E5A-BACB-EB777A6DAD3E} = {854FE20E-4E31-431D-B30D-9B47F42C268E}
		{7408DC8C-E923-410F-8CE6-B0BD5DD3F746} = {854FE20E-4E31-431D-B30D-9B47F42C268E}
		{1A288830-3767-4325-918D-F477F0FAFBDE} = {854FE20E-4E31-431D-B30D-9B47F42C268E}
		{7CF532B5-F447-427D-94B5-960629890E50} = {854FE20E-4E31-431D-B30D-9B47F42C268E}
		{34285552-668A-43A0-BD5C-C5F7E4FEF96B} = {854FE20E-4E31-431D-B30D-9B47F42C268E}
		{1C96A6B0-BA55-4530-8131-63BF42AEBCBB} = {854FE20E-4E31-431D-B30D-9B47F42C268E}
		{94AE2FE8-ABB0-4914-98FC-F62F5BBD62F8} = {854FE20E-4E31-431D-B30D-9B47F42C268E}
		{FF675619-AE53-405F-B7B2-D8A59403230A} = {854FE20E-4E31-431D-B30D-9B47F42C268E}
		{C5059CFB-0D02-4AEE-BF72-CD308C885FAE} = {854FE20E-4E31-431D-B30D-9B47F42C268E}
		{D02D3866-F88C-4D4E-BEB5-BB17CE89708D} = {854FE20E-4E31-431D-B30D-9B47F42C268E}
		{D6BAC2D7-B0EC-4B7D-864A-8E3BED100A68} = {854FE20E-4E31-431D-B30D-9B47F42C268E}
		{54DBADC6-F167-4B9F-B523-F4C91355DF60} = {854FE20E-4E31-431D-B30D-9B47F42C268E}
		{8520B96E-5040-431B-85E7-ED4D8F0EDE06} = {854FE20E-4E31-431D-B30D-9B47F42C268E}
		{BF2835B9-A3D1-4C46-A1A2-46F569B81F50} = {854FE20E-4E31-431D-B30D-9B47F42C268E}
		{0B55D2EF-28C3-48C7-AD5E-E88EF2C7EDCF} = {854FE20E-4E31-431D-B30D-9B47F42C268E}
		{E3E6A0AD-82B5-44E9-968F-73370C7A7304} = {854FE20E-4E31-431D-B30D-9B47F42C268E}
		{D36AA295-67C8-4512-8DC5-85CC7CBAA02D} = {854FE20E-4E31-431D-B30D-9B47F42C268E}
		{4E87C8AA-7D4A-4C88-8107-06D09A30481A} = {854FE20E-4E31-431D-B30D-9B47F42C268E}
		{13446F36-B9A8-4DF3-B367-3FF9C3D8A0B5} = {854FE20E-4E31-431D-B30D-9B47F42C268E}
		{4B62583A-BF7F-4038-9FBE-A1226E6CF46A} = {854FE20E-4E31-431D-B30D-9B47F42C268E}
		{9BFCF183-C3B4-40B3-AFE2-AAB1B50B9FAD} = {854FE20E-4E31-431D-B30D-9B47F42C268E}
		{7502F9B6-14D9-4D3C-B0D2-D6A65D0A95C1} = {854FE20E-4E31-431D-B30D-9B47F42C268E}
	EndGlobalSection
	GlobalSection(ExtensibilityGlobals) = postSolution
		SolutionGuid = {F33069B6-093C-443C-8255-85C5801FF252}
	EndGlobalSection
EndGlobal
