
Microsoft Visual Studio Solution File, Format Version 12.00
# Visual Studio Version 16
VisualStudioVersion = 16.0.30503.244
MinimumVisualStudioVersion = 10.0.40219.1
Project("{2150E333-8FDC-42A3-9474-1A3956D46DE8}") = "01-Uvod", "01-Uvod", "{F955E573-D8E9-4AD6-BA4E-233205DD6AA1}"
EndProject
Project("{2150E333-8FDC-42A3-9474-1A3956D46DE8}") = "02-Podminky", "02-Podminky", "{7A15B0A2-39F6-4F4B-88B8-70E67B5354E2}"
EndProject
Project("{9A19103F-16F7-4668-BE54-9A1E7A4F7556}") = "02-Podm-060-Den_v_tydnu", "02-Podm-060-Den_v_tydnu\02-Podm-060-Den_v_tydnu.csproj", "{6AB360E6-C786-4598-9CFC-2FCDA7EE6877}"
EndProject
Project("{9A19103F-16F7-4668-BE54-9A1E7A4F7556}") = "02-Podm-090-Je_vikend", "02-Podm-090-Je_vikend\02-Podm-090-Je_vikend.csproj", "{FA11C4A2-21FF-44FB-B136-576F1E5DDD39}"
EndProject
Project("{9A19103F-16F7-4668-BE54-9A1E7A4F7556}") = "02-Podm-130-Kolik_dnu", "02-Podm-130-Kolik_dnu\02-Podm-130-Kolik_dnu.csproj", "{5197CE3F-5DC8-4C92-B097-510238A7F49D}"
EndProject
Project("{9A19103F-16F7-4668-BE54-9A1E7A4F7556}") = "01-Uvod-010-Pozdrav", "01-Uvod-010-Pozdrav\01-Uvod-010-Pozdrav.csproj", "{FD4A95B7-3B06-4148-B1B1-C42D47419E1A}"
EndProject
Project("{9A19103F-16F7-4668-BE54-9A1E7A4F7556}") = "01-Uvod-020-Nej_skola", "01-Uvod-020-Nej_skola\01-Uvod-020-Nej_skola.csproj", "{2669F9A7-1158-4A58-8506-634CCA0349FB}"
EndProject
Project("{9A19103F-16F7-4668-BE54-9A1E7A4F7556}") = "01-Uvod-030-Domaci_vs_hoste", "01-Uvod-030-Domaci_vs_hoste\01-Uvod-030-Domaci_vs_hoste.csproj", "{69F1F761-5494-41B1-9818-0F8C2AF4F52D}"
EndProject
Project("{9A19103F-16F7-4668-BE54-9A1E7A4F7556}") = "01-Uvod-040-Datove_typy", "01-Uvod-040-Datove_typy\01-Uvod-040-Datove_typy.csproj", "{9C3BD72B-E017-4AC7-B3E4-0ED6361892AB}"
EndProject
Project("{9A19103F-16F7-4668-BE54-9A1E7A4F7556}") = "01-Uvod-050-Obsah_ctverce", "01-Uvod-050-Obsah_ctverce\01-Uvod-050-Obsah_ctverce.csproj", "{EDE0C32F-67B9-4BB5-90E9-29AE815344A2}"
EndProject
Project("{9A19103F-16F7-4668-BE54-9A1E7A4F7556}") = "01-Uvod-060-Objem_a_povrch_kvadru", "01-Uvod-060-Objem_a_povrch_kvadru\01-Uvod-060-Objem_a_povrch_kvadru.csproj", "{4BF77A5B-55BD-463A-83F4-FE793D2067E0}"
EndProject
Project("{9A19103F-16F7-4668-BE54-9A1E7A4F7556}") = "01-Uvod-070-Obvod_a_obsah_kruhu", "01-Uvod-070-Obvod_a_obsah_kruhu\01-Uvod-070-Obvod_a_obsah_kruhu.csproj", "{1822D388-E05E-4BCF-BFB3-8E15AA37F877}"
EndProject
Project("{9A19103F-16F7-4668-BE54-9A1E7A4F7556}") = "01-Uvod-080-Pythagorova_veta", "01-Uvod-080-Pythagorova_veta\01-Uvod-080-Pythagorova_veta.csproj", "{24E22825-A84A-4B30-8463-244E7C0880D5}"
EndProject
Project("{9A19103F-16F7-4668-BE54-9A1E7A4F7556}") = "01-Uvod-090-Vymena_karet", "01-Uvod-090-Vymena_karet\01-Uvod-090-Vymena_karet.csproj", "{D4B84312-8BEC-43B6-968E-9600CD890843}"
EndProject
Project("{9A19103F-16F7-4668-BE54-9A1E7A4F7556}") = "01-Uvod-100-Nakupni_kosik", "01-Uvod-100-Nakupni_kosik\01-Uvod-100-Nakupni_kosik.csproj", "{E5DA3AF6-F4F5-498B-A7EE-653B64CF2CCA}"
EndProject
Project("{9A19103F-16F7-4668-BE54-9A1E7A4F7556}") = "01-Uvod-110-Rozbite_deleni", "01-Uvod-110-Rozbite_deleni\01-Uvod-110-Rozbite_deleni.csproj", "{1D471B7F-402D-4262-AC3D-BECEEDBC69A7}"
EndProject
Project("{9A19103F-16F7-4668-BE54-9A1E7A4F7556}") = "01-Uvod-120-Heronuv_vzorec", "01-Uvod-120-Heronuv_vzorec\01-Uvod-120-Heronuv_vzorec.csproj", "{0122E9A7-1666-40E8-9A61-3D4768F55DF6}"
EndProject
Project("{9A19103F-16F7-4668-BE54-9A1E7A4F7556}") = "02-Podm-010-Vyssi-cislo", "02-Podm-010-Vyssi-cislo\02-Podm-010-Vyssi-cislo.csproj", "{4FCF507E-DEBB-4CE7-8503-31140ADB5B37}"
EndProject
Project("{9A19103F-16F7-4668-BE54-9A1E7A4F7556}") = "02-Podm-020-Kladne-nebo-zaporne", "02-Podm-020-Kladne-nebo-zaporne\02-Podm-020-Kladne-nebo-zaporne.csproj", "{06BD5C62-8EE2-4AE4-896D-75D11552F782}"
EndProject
Project("{9A19103F-16F7-4668-BE54-9A1E7A4F7556}") = "02-Podm-030-Chyba-c-1", "02-Podm-030-Chyba-c-1\02-Podm-030-Chyba-c-1.csproj", "{6781DF71-3A53-4FA5-AD3E-8749C61202F7}"
EndProject
Project("{9A19103F-16F7-4668-BE54-9A1E7A4F7556}") = "02-Podm-040-Suda_nebo_licha", "02-podm-040-Suda_nebo_licha\02-Podm-040-Suda_nebo_licha.csproj", "{689CEBA2-9D82-4715-8103-9A450CDBB055}"
EndProject
Project("{9A19103F-16F7-4668-BE54-9A1E7A4F7556}") = "02-Podm-050-Chyba-c-2", "02-Podm-050-Chyba-c-2\02-Podm-050-Chyba-c-2.csproj", "{2D16EBF2-977D-4E5C-99BA-EFD876E8AF7F}"
EndProject
Project("{9A19103F-16F7-4668-BE54-9A1E7A4F7556}") = "02-Podm-070-Chyba-c-3", "02-Podm-070-Chyba-c-3\02-Podm-070-Chyba-c-3.csproj", "{C49671A9-7E77-4201-B0FA-CB2E0C93B433}"
EndProject
Project("{9A19103F-16F7-4668-BE54-9A1E7A4F7556}") = "02-Podm-080-Absolutni-hodnota", "02-Podm-080-Absolutni-hodnota\02-Podm-080-Absolutni-hodnota.csproj", "{161A779A-149F-40BE-8479-86C0343C8E0B}"
EndProject
Project("{9A19103F-16F7-4668-BE54-9A1E7A4F7556}") = "02-Podm-100-Chyba-c-4", "02-Podm-100-Chyba-c-4\02-Podm-100-Chyba-c-4.csproj", "{A4A6D680-B1BB-485F-AA6D-FDF55B9D4865}"
EndProject
Project("{9A19103F-16F7-4668-BE54-9A1E7A4F7556}") = "02-Podm-110-Duchodova-kalkulacka", "02-Podm-110-Duchodova-kalkulacka\02-Podm-110-Duchodova-kalkulacka.csproj", "{6D24A065-8BCF-4C4D-B541-E5507FC4CE0F}"
EndProject
Project("{9A19103F-16F7-4668-BE54-9A1E7A4F7556}") = "02-Podm-120-Znamkovac", "02-Podm-120-Znamkovac\02-Podm-120-Znamkovac.csproj", "{6FC205BE-D239-4EE7-9798-DFE71335C650}"
EndProject
Project("{9A19103F-16F7-4668-BE54-9A1E7A4F7556}") = "02-Podm-140-Chyba-c-5", "02-Podm-140-Chyba-c-5\02-Podm-140-Chyba-c-5.csproj", "{3308A04F-45CE-4044-9808-FB275C0908C5}"
EndProject
Project("{9A19103F-16F7-4668-BE54-9A1E7A4F7556}") = "02-Podm-150-Nacteni-bool-z-klavesnice", "02-Podm-150-Nacteni-bool-z-klavesnice\02-Podm-150-Nacteni-bool-z-klavesnice.csproj", "{B0484FBE-360E-43A3-A0A0-8F28FE0F4C27}"
EndProject
Project("{9A19103F-16F7-4668-BE54-9A1E7A4F7556}") = "02-Podm-160-Je-samohlaska", "02-Podm-160-Je-samohlaska\02-Podm-160-Je-samohlaska.csproj", "{76370BBE-6918-4B9B-93D9-A7AB6F7BE94A}"
EndProject
Project("{9A19103F-16F7-4668-BE54-9A1E7A4F7556}") = "02-Podm-170-Typ-znaku", "02-Podm-170-Typ-znaku\02-Podm-170-Typ-znaku.csproj", "{487B3450-08BF-4FED-BF16-73BAAAFC0037}"
EndProject
Project("{9A19103F-16F7-4668-BE54-9A1E7A4F7556}") = "02-Podm-180-Delitelnost-2-a-3", "02-Podm-180-Delitelnost-2-a-3\02-Podm-180-Delitelnost-2-a-3.csproj", "{9152CA65-7E40-4C63-B5F5-6233F17F34FA}"
EndProject
Project("{9A19103F-16F7-4668-BE54-9A1E7A4F7556}") = "02-Podm-190-IQ-Test", "02-Podm-190-IQ-Test\02-Podm-190-IQ-Test.csproj", "{CD93A6D9-089B-42FE-848D-AA796059959C}"
EndProject
Project("{9A19103F-16F7-4668-BE54-9A1E7A4F7556}") = "02-Podm-310-Serazeni-Bonus", "02-Podm-310-Serazeni-Bonus\02-Podm-310-Serazeni-Bonus.csproj", "{508186F2-6E75-47BB-966B-F87488BEC7EF}"
EndProject
Project("{9A19103F-16F7-4668-BE54-9A1E7A4F7556}") = "02-Podm-210-Je-trojuhelnik", "02-Podm-210-Je-trojuhelnik\02-Podm-210-Je-trojuhelnik.csproj", "{4F705CEA-61CC-4F0E-99C1-9D6CD5BA3292}"
EndProject
Project("{9A19103F-16F7-4668-BE54-9A1E7A4F7556}") = "02-Podm-230-Svatebni-poradce-I", "02-Podm-230-Svatebni-poradce-I\02-Podm-230-Svatebni-poradce-I.csproj", "{9D89F2B3-9641-4680-BAF0-395D68703026}"
EndProject
Project("{9A19103F-16F7-4668-BE54-9A1E7A4F7556}") = "02-Podm-280-Prestupny-rok", "02-Podm-280-Prestupny-rok\02-Podm-280-Prestupny-rok.csproj", "{4289CB0A-83E4-4400-AF0C-A2BA9DF603D1}"
EndProject
Project("{9A19103F-16F7-4668-BE54-9A1E7A4F7556}") = "02-Podm-200-Interval", "02-Podm-200-Interval\02-Podm-200-Interval.csproj", "{8EB0BF7D-B8B1-41B6-95BC-CB05EEEB66F0}"
EndProject
Project("{9A19103F-16F7-4668-BE54-9A1E7A4F7556}") = "02-Podm-220-Ktery-kvadrant", "02-Podm-220-Ktery-kvadrant\02-Podm-220-Ktery-kvadrant.csproj", "{45454768-24D9-4A33-819B-FAD7ED9CA2B1}"
EndProject
Project("{9A19103F-16F7-4668-BE54-9A1E7A4F7556}") = "02-Podm-240-Svatebni_poradce-II", "02-Podm-240-Svatebni-poradce-II\02-Podm-240-Svatebni_poradce-II.csproj", "{312DD790-1D2F-45E0-AD08-B0D6CD8E73FC}"
EndProject
Project("{9A19103F-16F7-4668-BE54-9A1E7A4F7556}") = "02-Podm-250-Svatebni-poradce-III", "02-Podm-250-Svatebni-poradce-III\02-Podm-250-Svatebni-poradce-III.csproj", "{B19939FE-6782-4239-9AB4-77E480E82F84}"
EndProject
Project("{9A19103F-16F7-4668-BE54-9A1E7A4F7556}") = "02-Podm-260-Studijni-poradce", "02-Podm-260-Studijni-poradce\02-Podm-260-Studijni-poradce.csproj", "{8DC8A389-F4D7-4BEC-BFC4-8E37E6EF5FF9}"
EndProject
Project("{9A19103F-16F7-4668-BE54-9A1E7A4F7556}") = "02-Podm-270-Prijmout-kandidata", "02-Podm-270-Prijmout-kandidata\02-Podm-270-Prijmout-kandidata.csproj", "{7C106243-3768-4DDE-88C5-1C5AC57F1434}"
EndProject
Project("{9A19103F-16F7-4668-BE54-9A1E7A4F7556}") = "02-Podm-290-Nejvetsi-ze-tri", "02-Podm-290-Nejvetsi-ze-tri\02-Podm-290-Nejvetsi-ze-tri.csproj", "{2F9997BE-471B-4D75-B7F7-0FE74EA17D15}"
EndProject
Project("{2150E333-8FDC-42A3-9474-1A3956D46DE8}") = "02a-Random", "02a-Random", "{9F7CD231-0CEA-440E-8129-BBC99402F6F2}"
EndProject
Project("{9A19103F-16F7-4668-BE54-9A1E7A4F7556}") = "02a-Rnd-010-Sestistěnka", "02a-Rnd-010-Sestistěnka\02a-Rnd-010-Sestistěnka.csproj", "{1A0F6EEF-81C9-4080-AFE8-CA0BE127A323}"
EndProject
Project("{9A19103F-16F7-4668-BE54-9A1E7A4F7556}") = "02a-Rnd-020-Hra v kostky", "02a-Rnd-020-Hra v kostky\02a-Rnd-020-Hra v kostky.csproj", "{ACE2106B-2773-4564-AE7F-9FE11D9608BD}"
EndProject
Project("{9A19103F-16F7-4668-BE54-9A1E7A4F7556}") = "02a-Rnd-030-Ruznostenka", "02a-Rnd-030-Ruznostenka\02a-Rnd-030-Ruznostenka.csproj", "{EC3D8FEC-57F3-429C-8A19-287815F61238}"
EndProject
Project("{9A19103F-16F7-4668-BE54-9A1E7A4F7556}") = "02a-Rnd-040-KNP-uvod", "02a-Rnd-040-KNP-uvod\02a-Rnd-040-KNP-uvod.csproj", "{382FEECF-7D1B-4437-ABA9-5A40DF3AC9A7}"
EndProject
Project("{9A19103F-16F7-4668-BE54-9A1E7A4F7556}") = "02a-Rnd-050-KNP-User-interface", "02a-Rnd-050-KNP-User-interface\02a-Rnd-050-KNP-User-interface.csproj", "{3B793FC4-8D8F-4F46-A876-ACC39184DE18}"
EndProject
Project("{9A19103F-16F7-4668-BE54-9A1E7A4F7556}") = "02a-Rnd-060-KNP-cele", "02a-Rnd-060-KNP-cele\02a-Rnd-060-KNP-cele.csproj", "{FA06FF2D-4B88-4D57-8246-7C320E879B7A}"
EndProject
Project("{9A19103F-16F7-4668-BE54-9A1E7A4F7556}") = "03-While-010-Mala-nasobilka", "03-While-010-Mala-nasobilka\03-While-010-Mala-nasobilka.csproj", "{B07616F5-D77D-4F0E-B8E0-191AFAFD97B8}"
EndProject
Project("{9A19103F-16F7-4668-BE54-9A1E7A4F7556}") = "03-While-020-Nacti-zaporne", "03-While-020-Nacti-zaporne\03-While-020-Nacti-zaporne.csproj", "{0EACE196-3A78-4FAD-8368-4FA05EA4636D}"
EndProject
Project("{2150E333-8FDC-42A3-9474-1A3956D46DE8}") = "03-While", "03-While", "{F9C61390-53C0-45E5-B4FD-11C2E424EC14}"
EndProject
Project("{9A19103F-16F7-4668-BE54-9A1E7A4F7556}") = "03-While-030-Nacti-sude", "03-While-030-Nacti-sude\03-While-030-Nacti-sude.csproj", "{43CE8994-94CB-4936-98AD-37CCE069E163}"
EndProject
Project("{9A19103F-16F7-4668-BE54-9A1E7A4F7556}") = "03-While-050-Nacti-liche", "03-While-050-Nacti-liche\03-While-050-Nacti-liche.csproj", "{D9A95E9C-4E59-4E24-AD52-21ACBA12C374}"
EndProject
Project("{9A19103F-16F7-4668-BE54-9A1E7A4F7556}") = "03-While-040-Nacti-trojciferne", "03-While-040-Nacti-trojciferne\03-While-040-Nacti-trojciferne.csproj", "{3AF34B41-32C4-4373-84DB-25BDFC5D0E3E}"
EndProject
Project("{FAE04EC0-301F-11D3-BF4B-00C04F79EFBC}") = "03-While-060-Sude-nad-deset", "03-While-060-Sude-nad-deset\03-While-060-Sude-nad-deset.csproj", "{A247BE82-B86C-43A0-B616-11A300E5170B}"
EndProject
Project("{FAE04EC0-301F-11D3-BF4B-00C04F79EFBC}") = "03-While-070-Delitelnost", "03-While-070-Delitelnost\03-While-070-Delitelnost.csproj", "{B1671AE8-4305-4B70-8C2C-751A4646003B}"
EndProject
Global
	GlobalSection(SolutionConfigurationPlatforms) = preSolution
		Debug|Any CPU = Debug|Any CPU
		Release|Any CPU = Release|Any CPU
	EndGlobalSection
	GlobalSection(ProjectConfigurationPlatforms) = postSolution
		{6AB360E6-C786-4598-9CFC-2FCDA7EE6877}.Debug|Any CPU.ActiveCfg = Debug|Any CPU
		{6AB360E6-C786-4598-9CFC-2FCDA7EE6877}.Debug|Any CPU.Build.0 = Debug|Any CPU
		{6AB360E6-C786-4598-9CFC-2FCDA7EE6877}.Release|Any CPU.ActiveCfg = Release|Any CPU
		{6AB360E6-C786-4598-9CFC-2FCDA7EE6877}.Release|Any CPU.Build.0 = Release|Any CPU
		{FA11C4A2-21FF-44FB-B136-576F1E5DDD39}.Debug|Any CPU.ActiveCfg = Debug|Any CPU
		{FA11C4A2-21FF-44FB-B136-576F1E5DDD39}.Debug|Any CPU.Build.0 = Debug|Any CPU
		{FA11C4A2-21FF-44FB-B136-576F1E5DDD39}.Release|Any CPU.ActiveCfg = Release|Any CPU
		{FA11C4A2-21FF-44FB-B136-576F1E5DDD39}.Release|Any CPU.Build.0 = Release|Any CPU
		{5197CE3F-5DC8-4C92-B097-510238A7F49D}.Debug|Any CPU.ActiveCfg = Debug|Any CPU
		{5197CE3F-5DC8-4C92-B097-510238A7F49D}.Debug|Any CPU.Build.0 = Debug|Any CPU
		{5197CE3F-5DC8-4C92-B097-510238A7F49D}.Release|Any CPU.ActiveCfg = Release|Any CPU
		{5197CE3F-5DC8-4C92-B097-510238A7F49D}.Release|Any CPU.Build.0 = Release|Any CPU
		{FD4A95B7-3B06-4148-B1B1-C42D47419E1A}.Debug|Any CPU.ActiveCfg = Debug|Any CPU
		{FD4A95B7-3B06-4148-B1B1-C42D47419E1A}.Debug|Any CPU.Build.0 = Debug|Any CPU
		{FD4A95B7-3B06-4148-B1B1-C42D47419E1A}.Release|Any CPU.ActiveCfg = Release|Any CPU
		{FD4A95B7-3B06-4148-B1B1-C42D47419E1A}.Release|Any CPU.Build.0 = Release|Any CPU
		{2669F9A7-1158-4A58-8506-634CCA0349FB}.Debug|Any CPU.ActiveCfg = Debug|Any CPU
		{2669F9A7-1158-4A58-8506-634CCA0349FB}.Debug|Any CPU.Build.0 = Debug|Any CPU
		{2669F9A7-1158-4A58-8506-634CCA0349FB}.Release|Any CPU.ActiveCfg = Release|Any CPU
		{2669F9A7-1158-4A58-8506-634CCA0349FB}.Release|Any CPU.Build.0 = Release|Any CPU
		{69F1F761-5494-41B1-9818-0F8C2AF4F52D}.Debug|Any CPU.ActiveCfg = Debug|Any CPU
		{69F1F761-5494-41B1-9818-0F8C2AF4F52D}.Debug|Any CPU.Build.0 = Debug|Any CPU
		{69F1F761-5494-41B1-9818-0F8C2AF4F52D}.Release|Any CPU.ActiveCfg = Release|Any CPU
		{69F1F761-5494-41B1-9818-0F8C2AF4F52D}.Release|Any CPU.Build.0 = Release|Any CPU
		{9C3BD72B-E017-4AC7-B3E4-0ED6361892AB}.Debug|Any CPU.ActiveCfg = Debug|Any CPU
		{9C3BD72B-E017-4AC7-B3E4-0ED6361892AB}.Debug|Any CPU.Build.0 = Debug|Any CPU
		{9C3BD72B-E017-4AC7-B3E4-0ED6361892AB}.Release|Any CPU.ActiveCfg = Release|Any CPU
		{9C3BD72B-E017-4AC7-B3E4-0ED6361892AB}.Release|Any CPU.Build.0 = Release|Any CPU
		{EDE0C32F-67B9-4BB5-90E9-29AE815344A2}.Debug|Any CPU.ActiveCfg = Debug|Any CPU
		{EDE0C32F-67B9-4BB5-90E9-29AE815344A2}.Debug|Any CPU.Build.0 = Debug|Any CPU
		{EDE0C32F-67B9-4BB5-90E9-29AE815344A2}.Release|Any CPU.ActiveCfg = Release|Any CPU
		{EDE0C32F-67B9-4BB5-90E9-29AE815344A2}.Release|Any CPU.Build.0 = Release|Any CPU
		{4BF77A5B-55BD-463A-83F4-FE793D2067E0}.Debug|Any CPU.ActiveCfg = Debug|Any CPU
		{4BF77A5B-55BD-463A-83F4-FE793D2067E0}.Debug|Any CPU.Build.0 = Debug|Any CPU
		{4BF77A5B-55BD-463A-83F4-FE793D2067E0}.Release|Any CPU.ActiveCfg = Release|Any CPU
		{4BF77A5B-55BD-463A-83F4-FE793D2067E0}.Release|Any CPU.Build.0 = Release|Any CPU
		{1822D388-E05E-4BCF-BFB3-8E15AA37F877}.Debug|Any CPU.ActiveCfg = Debug|Any CPU
		{1822D388-E05E-4BCF-BFB3-8E15AA37F877}.Debug|Any CPU.Build.0 = Debug|Any CPU
		{1822D388-E05E-4BCF-BFB3-8E15AA37F877}.Release|Any CPU.ActiveCfg = Release|Any CPU
		{1822D388-E05E-4BCF-BFB3-8E15AA37F877}.Release|Any CPU.Build.0 = Release|Any CPU
		{24E22825-A84A-4B30-8463-244E7C0880D5}.Debug|Any CPU.ActiveCfg = Debug|Any CPU
		{24E22825-A84A-4B30-8463-244E7C0880D5}.Debug|Any CPU.Build.0 = Debug|Any CPU
		{24E22825-A84A-4B30-8463-244E7C0880D5}.Release|Any CPU.ActiveCfg = Release|Any CPU
		{24E22825-A84A-4B30-8463-244E7C0880D5}.Release|Any CPU.Build.0 = Release|Any CPU
		{D4B84312-8BEC-43B6-968E-9600CD890843}.Debug|Any CPU.ActiveCfg = Debug|Any CPU
		{D4B84312-8BEC-43B6-968E-9600CD890843}.Debug|Any CPU.Build.0 = Debug|Any CPU
		{D4B84312-8BEC-43B6-968E-9600CD890843}.Release|Any CPU.ActiveCfg = Release|Any CPU
		{D4B84312-8BEC-43B6-968E-9600CD890843}.Release|Any CPU.Build.0 = Release|Any CPU
		{E5DA3AF6-F4F5-498B-A7EE-653B64CF2CCA}.Debug|Any CPU.ActiveCfg = Debug|Any CPU
		{E5DA3AF6-F4F5-498B-A7EE-653B64CF2CCA}.Debug|Any CPU.Build.0 = Debug|Any CPU
		{E5DA3AF6-F4F5-498B-A7EE-653B64CF2CCA}.Release|Any CPU.ActiveCfg = Release|Any CPU
		{E5DA3AF6-F4F5-498B-A7EE-653B64CF2CCA}.Release|Any CPU.Build.0 = Release|Any CPU
		{1D471B7F-402D-4262-AC3D-BECEEDBC69A7}.Debug|Any CPU.ActiveCfg = Debug|Any CPU
		{1D471B7F-402D-4262-AC3D-BECEEDBC69A7}.Debug|Any CPU.Build.0 = Debug|Any CPU
		{1D471B7F-402D-4262-AC3D-BECEEDBC69A7}.Release|Any CPU.ActiveCfg = Release|Any CPU
		{1D471B7F-402D-4262-AC3D-BECEEDBC69A7}.Release|Any CPU.Build.0 = Release|Any CPU
		{0122E9A7-1666-40E8-9A61-3D4768F55DF6}.Debug|Any CPU.ActiveCfg = Debug|Any CPU
		{0122E9A7-1666-40E8-9A61-3D4768F55DF6}.Debug|Any CPU.Build.0 = Debug|Any CPU
		{0122E9A7-1666-40E8-9A61-3D4768F55DF6}.Release|Any CPU.ActiveCfg = Release|Any CPU
		{0122E9A7-1666-40E8-9A61-3D4768F55DF6}.Release|Any CPU.Build.0 = Release|Any CPU
		{4FCF507E-DEBB-4CE7-8503-31140ADB5B37}.Debug|Any CPU.ActiveCfg = Debug|Any CPU
		{4FCF507E-DEBB-4CE7-8503-31140ADB5B37}.Debug|Any CPU.Build.0 = Debug|Any CPU
		{4FCF507E-DEBB-4CE7-8503-31140ADB5B37}.Release|Any CPU.ActiveCfg = Release|Any CPU
		{4FCF507E-DEBB-4CE7-8503-31140ADB5B37}.Release|Any CPU.Build.0 = Release|Any CPU
		{06BD5C62-8EE2-4AE4-896D-75D11552F782}.Debug|Any CPU.ActiveCfg = Debug|Any CPU
		{06BD5C62-8EE2-4AE4-896D-75D11552F782}.Debug|Any CPU.Build.0 = Debug|Any CPU
		{06BD5C62-8EE2-4AE4-896D-75D11552F782}.Release|Any CPU.ActiveCfg = Release|Any CPU
		{06BD5C62-8EE2-4AE4-896D-75D11552F782}.Release|Any CPU.Build.0 = Release|Any CPU
		{6781DF71-3A53-4FA5-AD3E-8749C61202F7}.Debug|Any CPU.ActiveCfg = Debug|Any CPU
		{6781DF71-3A53-4FA5-AD3E-8749C61202F7}.Debug|Any CPU.Build.0 = Debug|Any CPU
		{6781DF71-3A53-4FA5-AD3E-8749C61202F7}.Release|Any CPU.ActiveCfg = Release|Any CPU
		{6781DF71-3A53-4FA5-AD3E-8749C61202F7}.Release|Any CPU.Build.0 = Release|Any CPU
		{689CEBA2-9D82-4715-8103-9A450CDBB055}.Debug|Any CPU.ActiveCfg = Debug|Any CPU
		{689CEBA2-9D82-4715-8103-9A450CDBB055}.Debug|Any CPU.Build.0 = Debug|Any CPU
		{689CEBA2-9D82-4715-8103-9A450CDBB055}.Release|Any CPU.ActiveCfg = Release|Any CPU
		{689CEBA2-9D82-4715-8103-9A450CDBB055}.Release|Any CPU.Build.0 = Release|Any CPU
		{2D16EBF2-977D-4E5C-99BA-EFD876E8AF7F}.Debug|Any CPU.ActiveCfg = Debug|Any CPU
		{2D16EBF2-977D-4E5C-99BA-EFD876E8AF7F}.Debug|Any CPU.Build.0 = Debug|Any CPU
		{2D16EBF2-977D-4E5C-99BA-EFD876E8AF7F}.Release|Any CPU.ActiveCfg = Release|Any CPU
		{2D16EBF2-977D-4E5C-99BA-EFD876E8AF7F}.Release|Any CPU.Build.0 = Release|Any CPU
		{C49671A9-7E77-4201-B0FA-CB2E0C93B433}.Debug|Any CPU.ActiveCfg = Debug|Any CPU
		{C49671A9-7E77-4201-B0FA-CB2E0C93B433}.Debug|Any CPU.Build.0 = Debug|Any CPU
		{C49671A9-7E77-4201-B0FA-CB2E0C93B433}.Release|Any CPU.ActiveCfg = Release|Any CPU
		{C49671A9-7E77-4201-B0FA-CB2E0C93B433}.Release|Any CPU.Build.0 = Release|Any CPU
		{161A779A-149F-40BE-8479-86C0343C8E0B}.Debug|Any CPU.ActiveCfg = Debug|Any CPU
		{161A779A-149F-40BE-8479-86C0343C8E0B}.Debug|Any CPU.Build.0 = Debug|Any CPU
		{161A779A-149F-40BE-8479-86C0343C8E0B}.Release|Any CPU.ActiveCfg = Release|Any CPU
		{161A779A-149F-40BE-8479-86C0343C8E0B}.Release|Any CPU.Build.0 = Release|Any CPU
		{A4A6D680-B1BB-485F-AA6D-FDF55B9D4865}.Debug|Any CPU.ActiveCfg = Debug|Any CPU
		{A4A6D680-B1BB-485F-AA6D-FDF55B9D4865}.Debug|Any CPU.Build.0 = Debug|Any CPU
		{A4A6D680-B1BB-485F-AA6D-FDF55B9D4865}.Release|Any CPU.ActiveCfg = Release|Any CPU
		{A4A6D680-B1BB-485F-AA6D-FDF55B9D4865}.Release|Any CPU.Build.0 = Release|Any CPU
		{6D24A065-8BCF-4C4D-B541-E5507FC4CE0F}.Debug|Any CPU.ActiveCfg = Debug|Any CPU
		{6D24A065-8BCF-4C4D-B541-E5507FC4CE0F}.Debug|Any CPU.Build.0 = Debug|Any CPU
		{6D24A065-8BCF-4C4D-B541-E5507FC4CE0F}.Release|Any CPU.ActiveCfg = Release|Any CPU
		{6D24A065-8BCF-4C4D-B541-E5507FC4CE0F}.Release|Any CPU.Build.0 = Release|Any CPU
		{6FC205BE-D239-4EE7-9798-DFE71335C650}.Debug|Any CPU.ActiveCfg = Debug|Any CPU
		{6FC205BE-D239-4EE7-9798-DFE71335C650}.Debug|Any CPU.Build.0 = Debug|Any CPU
		{6FC205BE-D239-4EE7-9798-DFE71335C650}.Release|Any CPU.ActiveCfg = Release|Any CPU
		{6FC205BE-D239-4EE7-9798-DFE71335C650}.Release|Any CPU.Build.0 = Release|Any CPU
		{3308A04F-45CE-4044-9808-FB275C0908C5}.Debug|Any CPU.ActiveCfg = Debug|Any CPU
		{3308A04F-45CE-4044-9808-FB275C0908C5}.Debug|Any CPU.Build.0 = Debug|Any CPU
		{3308A04F-45CE-4044-9808-FB275C0908C5}.Release|Any CPU.ActiveCfg = Release|Any CPU
		{3308A04F-45CE-4044-9808-FB275C0908C5}.Release|Any CPU.Build.0 = Release|Any CPU
		{B0484FBE-360E-43A3-A0A0-8F28FE0F4C27}.Debug|Any CPU.ActiveCfg = Debug|Any CPU
		{B0484FBE-360E-43A3-A0A0-8F28FE0F4C27}.Debug|Any CPU.Build.0 = Debug|Any CPU
		{B0484FBE-360E-43A3-A0A0-8F28FE0F4C27}.Release|Any CPU.ActiveCfg = Release|Any CPU
		{B0484FBE-360E-43A3-A0A0-8F28FE0F4C27}.Release|Any CPU.Build.0 = Release|Any CPU
		{76370BBE-6918-4B9B-93D9-A7AB6F7BE94A}.Debug|Any CPU.ActiveCfg = Debug|Any CPU
		{76370BBE-6918-4B9B-93D9-A7AB6F7BE94A}.Debug|Any CPU.Build.0 = Debug|Any CPU
		{76370BBE-6918-4B9B-93D9-A7AB6F7BE94A}.Release|Any CPU.ActiveCfg = Release|Any CPU
		{76370BBE-6918-4B9B-93D9-A7AB6F7BE94A}.Release|Any CPU.Build.0 = Release|Any CPU
		{487B3450-08BF-4FED-BF16-73BAAAFC0037}.Debug|Any CPU.ActiveCfg = Debug|Any CPU
		{487B3450-08BF-4FED-BF16-73BAAAFC0037}.Debug|Any CPU.Build.0 = Debug|Any CPU
		{487B3450-08BF-4FED-BF16-73BAAAFC0037}.Release|Any CPU.ActiveCfg = Release|Any CPU
		{487B3450-08BF-4FED-BF16-73BAAAFC0037}.Release|Any CPU.Build.0 = Release|Any CPU
		{9152CA65-7E40-4C63-B5F5-6233F17F34FA}.Debug|Any CPU.ActiveCfg = Debug|Any CPU
		{9152CA65-7E40-4C63-B5F5-6233F17F34FA}.Debug|Any CPU.Build.0 = Debug|Any CPU
		{9152CA65-7E40-4C63-B5F5-6233F17F34FA}.Release|Any CPU.ActiveCfg = Release|Any CPU
		{9152CA65-7E40-4C63-B5F5-6233F17F34FA}.Release|Any CPU.Build.0 = Release|Any CPU
		{CD93A6D9-089B-42FE-848D-AA796059959C}.Debug|Any CPU.ActiveCfg = Debug|Any CPU
		{CD93A6D9-089B-42FE-848D-AA796059959C}.Debug|Any CPU.Build.0 = Debug|Any CPU
		{CD93A6D9-089B-42FE-848D-AA796059959C}.Release|Any CPU.ActiveCfg = Release|Any CPU
		{CD93A6D9-089B-42FE-848D-AA796059959C}.Release|Any CPU.Build.0 = Release|Any CPU
		{508186F2-6E75-47BB-966B-F87488BEC7EF}.Debug|Any CPU.ActiveCfg = Debug|Any CPU
		{508186F2-6E75-47BB-966B-F87488BEC7EF}.Debug|Any CPU.Build.0 = Debug|Any CPU
		{508186F2-6E75-47BB-966B-F87488BEC7EF}.Release|Any CPU.ActiveCfg = Release|Any CPU
		{508186F2-6E75-47BB-966B-F87488BEC7EF}.Release|Any CPU.Build.0 = Release|Any CPU
		{4F705CEA-61CC-4F0E-99C1-9D6CD5BA3292}.Debug|Any CPU.ActiveCfg = Debug|Any CPU
		{4F705CEA-61CC-4F0E-99C1-9D6CD5BA3292}.Debug|Any CPU.Build.0 = Debug|Any CPU
		{4F705CEA-61CC-4F0E-99C1-9D6CD5BA3292}.Release|Any CPU.ActiveCfg = Release|Any CPU
		{4F705CEA-61CC-4F0E-99C1-9D6CD5BA3292}.Release|Any CPU.Build.0 = Release|Any CPU
		{9D89F2B3-9641-4680-BAF0-395D68703026}.Debug|Any CPU.ActiveCfg = Debug|Any CPU
		{9D89F2B3-9641-4680-BAF0-395D68703026}.Debug|Any CPU.Build.0 = Debug|Any CPU
		{9D89F2B3-9641-4680-BAF0-395D68703026}.Release|Any CPU.ActiveCfg = Release|Any CPU
		{9D89F2B3-9641-4680-BAF0-395D68703026}.Release|Any CPU.Build.0 = Release|Any CPU
		{4289CB0A-83E4-4400-AF0C-A2BA9DF603D1}.Debug|Any CPU.ActiveCfg = Debug|Any CPU
		{4289CB0A-83E4-4400-AF0C-A2BA9DF603D1}.Debug|Any CPU.Build.0 = Debug|Any CPU
		{4289CB0A-83E4-4400-AF0C-A2BA9DF603D1}.Release|Any CPU.ActiveCfg = Release|Any CPU
		{4289CB0A-83E4-4400-AF0C-A2BA9DF603D1}.Release|Any CPU.Build.0 = Release|Any CPU
		{8EB0BF7D-B8B1-41B6-95BC-CB05EEEB66F0}.Debug|Any CPU.ActiveCfg = Debug|Any CPU
		{8EB0BF7D-B8B1-41B6-95BC-CB05EEEB66F0}.Debug|Any CPU.Build.0 = Debug|Any CPU
		{8EB0BF7D-B8B1-41B6-95BC-CB05EEEB66F0}.Release|Any CPU.ActiveCfg = Release|Any CPU
		{8EB0BF7D-B8B1-41B6-95BC-CB05EEEB66F0}.Release|Any CPU.Build.0 = Release|Any CPU
		{45454768-24D9-4A33-819B-FAD7ED9CA2B1}.Debug|Any CPU.ActiveCfg = Debug|Any CPU
		{45454768-24D9-4A33-819B-FAD7ED9CA2B1}.Debug|Any CPU.Build.0 = Debug|Any CPU
		{45454768-24D9-4A33-819B-FAD7ED9CA2B1}.Release|Any CPU.ActiveCfg = Release|Any CPU
		{45454768-24D9-4A33-819B-FAD7ED9CA2B1}.Release|Any CPU.Build.0 = Release|Any CPU
		{312DD790-1D2F-45E0-AD08-B0D6CD8E73FC}.Debug|Any CPU.ActiveCfg = Debug|Any CPU
		{312DD790-1D2F-45E0-AD08-B0D6CD8E73FC}.Debug|Any CPU.Build.0 = Debug|Any CPU
		{312DD790-1D2F-45E0-AD08-B0D6CD8E73FC}.Release|Any CPU.ActiveCfg = Release|Any CPU
		{312DD790-1D2F-45E0-AD08-B0D6CD8E73FC}.Release|Any CPU.Build.0 = Release|Any CPU
		{B19939FE-6782-4239-9AB4-77E480E82F84}.Debug|Any CPU.ActiveCfg = Debug|Any CPU
		{B19939FE-6782-4239-9AB4-77E480E82F84}.Debug|Any CPU.Build.0 = Debug|Any CPU
		{B19939FE-6782-4239-9AB4-77E480E82F84}.Release|Any CPU.ActiveCfg = Release|Any CPU
		{B19939FE-6782-4239-9AB4-77E480E82F84}.Release|Any CPU.Build.0 = Release|Any CPU
		{8DC8A389-F4D7-4BEC-BFC4-8E37E6EF5FF9}.Debug|Any CPU.ActiveCfg = Debug|Any CPU
		{8DC8A389-F4D7-4BEC-BFC4-8E37E6EF5FF9}.Debug|Any CPU.Build.0 = Debug|Any CPU
		{8DC8A389-F4D7-4BEC-BFC4-8E37E6EF5FF9}.Release|Any CPU.ActiveCfg = Release|Any CPU
		{8DC8A389-F4D7-4BEC-BFC4-8E37E6EF5FF9}.Release|Any CPU.Build.0 = Release|Any CPU
		{7C106243-3768-4DDE-88C5-1C5AC57F1434}.Debug|Any CPU.ActiveCfg = Debug|Any CPU
		{7C106243-3768-4DDE-88C5-1C5AC57F1434}.Debug|Any CPU.Build.0 = Debug|Any CPU
		{7C106243-3768-4DDE-88C5-1C5AC57F1434}.Release|Any CPU.ActiveCfg = Release|Any CPU
		{7C106243-3768-4DDE-88C5-1C5AC57F1434}.Release|Any CPU.Build.0 = Release|Any CPU
		{2F9997BE-471B-4D75-B7F7-0FE74EA17D15}.Debug|Any CPU.ActiveCfg = Debug|Any CPU
		{2F9997BE-471B-4D75-B7F7-0FE74EA17D15}.Debug|Any CPU.Build.0 = Debug|Any CPU
		{2F9997BE-471B-4D75-B7F7-0FE74EA17D15}.Release|Any CPU.ActiveCfg = Release|Any CPU
		{2F9997BE-471B-4D75-B7F7-0FE74EA17D15}.Release|Any CPU.Build.0 = Release|Any CPU
		{1A0F6EEF-81C9-4080-AFE8-CA0BE127A323}.Debug|Any CPU.ActiveCfg = Debug|Any CPU
		{1A0F6EEF-81C9-4080-AFE8-CA0BE127A323}.Debug|Any CPU.Build.0 = Debug|Any CPU
		{1A0F6EEF-81C9-4080-AFE8-CA0BE127A323}.Release|Any CPU.ActiveCfg = Release|Any CPU
		{1A0F6EEF-81C9-4080-AFE8-CA0BE127A323}.Release|Any CPU.Build.0 = Release|Any CPU
		{ACE2106B-2773-4564-AE7F-9FE11D9608BD}.Debug|Any CPU.ActiveCfg = Debug|Any CPU
		{ACE2106B-2773-4564-AE7F-9FE11D9608BD}.Debug|Any CPU.Build.0 = Debug|Any CPU
		{ACE2106B-2773-4564-AE7F-9FE11D9608BD}.Release|Any CPU.ActiveCfg = Release|Any CPU
		{ACE2106B-2773-4564-AE7F-9FE11D9608BD}.Release|Any CPU.Build.0 = Release|Any CPU
		{EC3D8FEC-57F3-429C-8A19-287815F61238}.Debug|Any CPU.ActiveCfg = Debug|Any CPU
		{EC3D8FEC-57F3-429C-8A19-287815F61238}.Debug|Any CPU.Build.0 = Debug|Any CPU
		{EC3D8FEC-57F3-429C-8A19-287815F61238}.Release|Any CPU.ActiveCfg = Release|Any CPU
		{EC3D8FEC-57F3-429C-8A19-287815F61238}.Release|Any CPU.Build.0 = Release|Any CPU
		{382FEECF-7D1B-4437-ABA9-5A40DF3AC9A7}.Debug|Any CPU.ActiveCfg = Debug|Any CPU
		{382FEECF-7D1B-4437-ABA9-5A40DF3AC9A7}.Debug|Any CPU.Build.0 = Debug|Any CPU
		{382FEECF-7D1B-4437-ABA9-5A40DF3AC9A7}.Release|Any CPU.ActiveCfg = Release|Any CPU
		{382FEECF-7D1B-4437-ABA9-5A40DF3AC9A7}.Release|Any CPU.Build.0 = Release|Any CPU
		{3B793FC4-8D8F-4F46-A876-ACC39184DE18}.Debug|Any CPU.ActiveCfg = Debug|Any CPU
		{3B793FC4-8D8F-4F46-A876-ACC39184DE18}.Debug|Any CPU.Build.0 = Debug|Any CPU
		{3B793FC4-8D8F-4F46-A876-ACC39184DE18}.Release|Any CPU.ActiveCfg = Release|Any CPU
		{3B793FC4-8D8F-4F46-A876-ACC39184DE18}.Release|Any CPU.Build.0 = Release|Any CPU
		{FA06FF2D-4B88-4D57-8246-7C320E879B7A}.Debug|Any CPU.ActiveCfg = Debug|Any CPU
		{FA06FF2D-4B88-4D57-8246-7C320E879B7A}.Debug|Any CPU.Build.0 = Debug|Any CPU
		{FA06FF2D-4B88-4D57-8246-7C320E879B7A}.Release|Any CPU.ActiveCfg = Release|Any CPU
		{FA06FF2D-4B88-4D57-8246-7C320E879B7A}.Release|Any CPU.Build.0 = Release|Any CPU
		{B07616F5-D77D-4F0E-B8E0-191AFAFD97B8}.Debug|Any CPU.ActiveCfg = Debug|Any CPU
		{B07616F5-D77D-4F0E-B8E0-191AFAFD97B8}.Debug|Any CPU.Build.0 = Debug|Any CPU
		{B07616F5-D77D-4F0E-B8E0-191AFAFD97B8}.Release|Any CPU.ActiveCfg = Release|Any CPU
		{B07616F5-D77D-4F0E-B8E0-191AFAFD97B8}.Release|Any CPU.Build.0 = Release|Any CPU
		{0EACE196-3A78-4FAD-8368-4FA05EA4636D}.Debug|Any CPU.ActiveCfg = Debug|Any CPU
		{0EACE196-3A78-4FAD-8368-4FA05EA4636D}.Debug|Any CPU.Build.0 = Debug|Any CPU
		{0EACE196-3A78-4FAD-8368-4FA05EA4636D}.Release|Any CPU.ActiveCfg = Release|Any CPU
		{0EACE196-3A78-4FAD-8368-4FA05EA4636D}.Release|Any CPU.Build.0 = Release|Any CPU
		{43CE8994-94CB-4936-98AD-37CCE069E163}.Debug|Any CPU.ActiveCfg = Debug|Any CPU
		{43CE8994-94CB-4936-98AD-37CCE069E163}.Debug|Any CPU.Build.0 = Debug|Any CPU
		{43CE8994-94CB-4936-98AD-37CCE069E163}.Release|Any CPU.ActiveCfg = Release|Any CPU
		{43CE8994-94CB-4936-98AD-37CCE069E163}.Release|Any CPU.Build.0 = Release|Any CPU
		{D9A95E9C-4E59-4E24-AD52-21ACBA12C374}.Debug|Any CPU.ActiveCfg = Debug|Any CPU
		{D9A95E9C-4E59-4E24-AD52-21ACBA12C374}.Debug|Any CPU.Build.0 = Debug|Any CPU
		{D9A95E9C-4E59-4E24-AD52-21ACBA12C374}.Release|Any CPU.ActiveCfg = Release|Any CPU
		{D9A95E9C-4E59-4E24-AD52-21ACBA12C374}.Release|Any CPU.Build.0 = Release|Any CPU
		{3AF34B41-32C4-4373-84DB-25BDFC5D0E3E}.Debug|Any CPU.ActiveCfg = Debug|Any CPU
		{3AF34B41-32C4-4373-84DB-25BDFC5D0E3E}.Debug|Any CPU.Build.0 = Debug|Any CPU
		{3AF34B41-32C4-4373-84DB-25BDFC5D0E3E}.Release|Any CPU.ActiveCfg = Release|Any CPU
		{3AF34B41-32C4-4373-84DB-25BDFC5D0E3E}.Release|Any CPU.Build.0 = Release|Any CPU
		{A247BE82-B86C-43A0-B616-11A300E5170B}.Debug|Any CPU.ActiveCfg = Debug|Any CPU
		{A247BE82-B86C-43A0-B616-11A300E5170B}.Debug|Any CPU.Build.0 = Debug|Any CPU
		{A247BE82-B86C-43A0-B616-11A300E5170B}.Release|Any CPU.ActiveCfg = Release|Any CPU
		{A247BE82-B86C-43A0-B616-11A300E5170B}.Release|Any CPU.Build.0 = Release|Any CPU
		{B1671AE8-4305-4B70-8C2C-751A4646003B}.Debug|Any CPU.ActiveCfg = Debug|Any CPU
		{B1671AE8-4305-4B70-8C2C-751A4646003B}.Debug|Any CPU.Build.0 = Debug|Any CPU
		{B1671AE8-4305-4B70-8C2C-751A4646003B}.Release|Any CPU.ActiveCfg = Release|Any CPU
		{B1671AE8-4305-4B70-8C2C-751A4646003B}.Release|Any CPU.Build.0 = Release|Any CPU
	EndGlobalSection
	GlobalSection(SolutionProperties) = preSolution
		HideSolutionNode = FALSE
	EndGlobalSection
	GlobalSection(NestedProjects) = preSolution
		{6AB360E6-C786-4598-9CFC-2FCDA7EE6877} = {7A15B0A2-39F6-4F4B-88B8-70E67B5354E2}
		{FA11C4A2-21FF-44FB-B136-576F1E5DDD39} = {7A15B0A2-39F6-4F4B-88B8-70E67B5354E2}
		{5197CE3F-5DC8-4C92-B097-510238A7F49D} = {7A15B0A2-39F6-4F4B-88B8-70E67B5354E2}
		{FD4A95B7-3B06-4148-B1B1-C42D47419E1A} = {F955E573-D8E9-4AD6-BA4E-233205DD6AA1}
		{2669F9A7-1158-4A58-8506-634CCA0349FB} = {F955E573-D8E9-4AD6-BA4E-233205DD6AA1}
		{69F1F761-5494-41B1-9818-0F8C2AF4F52D} = {F955E573-D8E9-4AD6-BA4E-233205DD6AA1}
		{9C3BD72B-E017-4AC7-B3E4-0ED6361892AB} = {F955E573-D8E9-4AD6-BA4E-233205DD6AA1}
		{EDE0C32F-67B9-4BB5-90E9-29AE815344A2} = {F955E573-D8E9-4AD6-BA4E-233205DD6AA1}
		{4BF77A5B-55BD-463A-83F4-FE793D2067E0} = {F955E573-D8E9-4AD6-BA4E-233205DD6AA1}
		{1822D388-E05E-4BCF-BFB3-8E15AA37F877} = {F955E573-D8E9-4AD6-BA4E-233205DD6AA1}
		{24E22825-A84A-4B30-8463-244E7C0880D5} = {F955E573-D8E9-4AD6-BA4E-233205DD6AA1}
		{D4B84312-8BEC-43B6-968E-9600CD890843} = {F955E573-D8E9-4AD6-BA4E-233205DD6AA1}
		{E5DA3AF6-F4F5-498B-A7EE-653B64CF2CCA} = {F955E573-D8E9-4AD6-BA4E-233205DD6AA1}
		{1D471B7F-402D-4262-AC3D-BECEEDBC69A7} = {F955E573-D8E9-4AD6-BA4E-233205DD6AA1}
		{0122E9A7-1666-40E8-9A61-3D4768F55DF6} = {F955E573-D8E9-4AD6-BA4E-233205DD6AA1}
		{4FCF507E-DEBB-4CE7-8503-31140ADB5B37} = {7A15B0A2-39F6-4F4B-88B8-70E67B5354E2}
		{06BD5C62-8EE2-4AE4-896D-75D11552F782} = {7A15B0A2-39F6-4F4B-88B8-70E67B5354E2}
		{6781DF71-3A53-4FA5-AD3E-8749C61202F7} = {7A15B0A2-39F6-4F4B-88B8-70E67B5354E2}
		{689CEBA2-9D82-4715-8103-9A450CDBB055} = {7A15B0A2-39F6-4F4B-88B8-70E67B5354E2}
		{2D16EBF2-977D-4E5C-99BA-EFD876E8AF7F} = {7A15B0A2-39F6-4F4B-88B8-70E67B5354E2}
		{C49671A9-7E77-4201-B0FA-CB2E0C93B433} = {7A15B0A2-39F6-4F4B-88B8-70E67B5354E2}
		{161A779A-149F-40BE-8479-86C0343C8E0B} = {7A15B0A2-39F6-4F4B-88B8-70E67B5354E2}
		{A4A6D680-B1BB-485F-AA6D-FDF55B9D4865} = {7A15B0A2-39F6-4F4B-88B8-70E67B5354E2}
		{6D24A065-8BCF-4C4D-B541-E5507FC4CE0F} = {7A15B0A2-39F6-4F4B-88B8-70E67B5354E2}
		{6FC205BE-D239-4EE7-9798-DFE71335C650} = {7A15B0A2-39F6-4F4B-88B8-70E67B5354E2}
		{3308A04F-45CE-4044-9808-FB275C0908C5} = {7A15B0A2-39F6-4F4B-88B8-70E67B5354E2}
		{B0484FBE-360E-43A3-A0A0-8F28FE0F4C27} = {7A15B0A2-39F6-4F4B-88B8-70E67B5354E2}
		{76370BBE-6918-4B9B-93D9-A7AB6F7BE94A} = {7A15B0A2-39F6-4F4B-88B8-70E67B5354E2}
		{487B3450-08BF-4FED-BF16-73BAAAFC0037} = {7A15B0A2-39F6-4F4B-88B8-70E67B5354E2}
		{9152CA65-7E40-4C63-B5F5-6233F17F34FA} = {7A15B0A2-39F6-4F4B-88B8-70E67B5354E2}
		{CD93A6D9-089B-42FE-848D-AA796059959C} = {7A15B0A2-39F6-4F4B-88B8-70E67B5354E2}
		{508186F2-6E75-47BB-966B-F87488BEC7EF} = {7A15B0A2-39F6-4F4B-88B8-70E67B5354E2}
		{4F705CEA-61CC-4F0E-99C1-9D6CD5BA3292} = {7A15B0A2-39F6-4F4B-88B8-70E67B5354E2}
		{9D89F2B3-9641-4680-BAF0-395D68703026} = {7A15B0A2-39F6-4F4B-88B8-70E67B5354E2}
		{4289CB0A-83E4-4400-AF0C-A2BA9DF603D1} = {7A15B0A2-39F6-4F4B-88B8-70E67B5354E2}
		{8EB0BF7D-B8B1-41B6-95BC-CB05EEEB66F0} = {7A15B0A2-39F6-4F4B-88B8-70E67B5354E2}
		{45454768-24D9-4A33-819B-FAD7ED9CA2B1} = {7A15B0A2-39F6-4F4B-88B8-70E67B5354E2}
		{312DD790-1D2F-45E0-AD08-B0D6CD8E73FC} = {7A15B0A2-39F6-4F4B-88B8-70E67B5354E2}
		{B19939FE-6782-4239-9AB4-77E480E82F84} = {7A15B0A2-39F6-4F4B-88B8-70E67B5354E2}
		{8DC8A389-F4D7-4BEC-BFC4-8E37E6EF5FF9} = {7A15B0A2-39F6-4F4B-88B8-70E67B5354E2}
		{7C106243-3768-4DDE-88C5-1C5AC57F1434} = {7A15B0A2-39F6-4F4B-88B8-70E67B5354E2}
		{2F9997BE-471B-4D75-B7F7-0FE74EA17D15} = {7A15B0A2-39F6-4F4B-88B8-70E67B5354E2}
		{1A0F6EEF-81C9-4080-AFE8-CA0BE127A323} = {9F7CD231-0CEA-440E-8129-BBC99402F6F2}
		{ACE2106B-2773-4564-AE7F-9FE11D9608BD} = {9F7CD231-0CEA-440E-8129-BBC99402F6F2}
		{EC3D8FEC-57F3-429C-8A19-287815F61238} = {9F7CD231-0CEA-440E-8129-BBC99402F6F2}
		{382FEECF-7D1B-4437-ABA9-5A40DF3AC9A7} = {9F7CD231-0CEA-440E-8129-BBC99402F6F2}
		{3B793FC4-8D8F-4F46-A876-ACC39184DE18} = {9F7CD231-0CEA-440E-8129-BBC99402F6F2}
		{FA06FF2D-4B88-4D57-8246-7C320E879B7A} = {9F7CD231-0CEA-440E-8129-BBC99402F6F2}
		{B07616F5-D77D-4F0E-B8E0-191AFAFD97B8} = {F9C61390-53C0-45E5-B4FD-11C2E424EC14}
		{0EACE196-3A78-4FAD-8368-4FA05EA4636D} = {F9C61390-53C0-45E5-B4FD-11C2E424EC14}
		{43CE8994-94CB-4936-98AD-37CCE069E163} = {F9C61390-53C0-45E5-B4FD-11C2E424EC14}
		{D9A95E9C-4E59-4E24-AD52-21ACBA12C374} = {F9C61390-53C0-45E5-B4FD-11C2E424EC14}
		{3AF34B41-32C4-4373-84DB-25BDFC5D0E3E} = {F9C61390-53C0-45E5-B4FD-11C2E424EC14}
		{A247BE82-B86C-43A0-B616-11A300E5170B} = {F9C61390-53C0-45E5-B4FD-11C2E424EC14}
		{B1671AE8-4305-4B70-8C2C-751A4646003B} = {F9C61390-53C0-45E5-B4FD-11C2E424EC14}
	EndGlobalSection
	GlobalSection(ExtensibilityGlobals) = postSolution
		SolutionGuid = {F33069B6-093C-443C-8255-85C5801FF252}
	EndGlobalSection
EndGlobal
